
Microsoft Visual Studio Solution File, Format Version 12.00
# Visual Studio Version 16
VisualStudioVersion = 16.0.30611.23
MinimumVisualStudioVersion = 10.0.40219.1
Project("{2150E333-8FDC-42A3-9474-1A3956D46DE8}") = "Installer", "Installer", "{D3355CC9-A400-49B7-ADCE-F623A816D1B5}"
EndProject
Project("{2150E333-8FDC-42A3-9474-1A3956D46DE8}") = "Testing", "Testing", "{652EFEB5-5F0A-4578-A518-D77FEDB0A53C}"
EndProject
Project("{FAE04EC0-301F-11D3-BF4B-00C04F79EFBC}") = "ECInterfaces 2010", "src\ECInterfaces\ECInterfaces 2010.csproj", "{2935E02F-43ED-4670-9A00-A91B0AD3D66C}"
EndProject
Project("{FAE04EC0-301F-11D3-BF4B-00C04F79EFBC}") = "EncCnvtrs 2010", "src\EncCnvtrs\EncCnvtrs 2010.csproj", "{3E4B908A-4F96-43C5-981B-1AA4B73CCC26}"
	ProjectSection(ProjectDependencies) = postProject
		{2935E02F-43ED-4670-9A00-A91B0AD3D66C} = {2935E02F-43ED-4670-9A00-A91B0AD3D66C}
	EndProjectSection
EndProject
Project("{FAE04EC0-301F-11D3-BF4B-00C04F79EFBC}") = "ECFileConverter 2010", "src\ECFileConverter\ECFileConverter 2010.csproj", "{1E45DBF2-3629-4413-AC1F-61E6AA33B9B6}"
	ProjectSection(ProjectDependencies) = postProject
		{2935E02F-43ED-4670-9A00-A91B0AD3D66C} = {2935E02F-43ED-4670-9A00-A91B0AD3D66C}
		{3E4B908A-4F96-43C5-981B-1AA4B73CCC26} = {3E4B908A-4F96-43C5-981B-1AA4B73CCC26}
	EndProjectSection
EndProject
Project("{FAE04EC0-301F-11D3-BF4B-00C04F79EFBC}") = "AIGuesserEC 2010", "src\AIGuesserEC\AIGuesserEC 2010.csproj", "{B718B5F3-A49A-454C-84FD-6D6F59EC7410}"
	ProjectSection(ProjectDependencies) = postProject
		{2E70A627-605F-4625-8637-A7109DB8B35C} = {2E70A627-605F-4625-8637-A7109DB8B35C}
		{2935E02F-43ED-4670-9A00-A91B0AD3D66C} = {2935E02F-43ED-4670-9A00-A91B0AD3D66C}
		{3E4B908A-4F96-43C5-981B-1AA4B73CCC26} = {3E4B908A-4F96-43C5-981B-1AA4B73CCC26}
	EndProjectSection
EndProject
Project("{FAE04EC0-301F-11D3-BF4B-00C04F79EFBC}") = "DriveAiEncConverter 2010", "src\DriveAiEncConverter\DriveAiEncConverter 2010.csproj", "{088E2974-9588-4EDA-AF7F-869A10DF402A}"
	ProjectSection(ProjectDependencies) = postProject
		{2935E02F-43ED-4670-9A00-A91B0AD3D66C} = {2935E02F-43ED-4670-9A00-A91B0AD3D66C}
		{3E4B908A-4F96-43C5-981B-1AA4B73CCC26} = {3E4B908A-4F96-43C5-981B-1AA4B73CCC26}
		{B718B5F3-A49A-454C-84FD-6D6F59EC7410} = {B718B5F3-A49A-454C-84FD-6D6F59EC7410}
	EndProjectSection
EndProject
Project("{FAE04EC0-301F-11D3-BF4B-00C04F79EFBC}") = "SilIndicEncConverters 2010", "src\SilIndicEncConverters\SilIndicEncConverters 2010.csproj", "{DC0A7A02-87B7-4619-B45F-D5A3ECB599A9}"
	ProjectSection(ProjectDependencies) = postProject
		{2935E02F-43ED-4670-9A00-A91B0AD3D66C} = {2935E02F-43ED-4670-9A00-A91B0AD3D66C}
		{3E4B908A-4F96-43C5-981B-1AA4B73CCC26} = {3E4B908A-4F96-43C5-981B-1AA4B73CCC26}
	EndProjectSection
EndProject
Project("{8BC9CEB8-8B4A-11D0-8D11-00A0C91BC942}") = "ECDriver", "src\ECDriver\windows\ECDriver 2010.vcxproj", "{1AE110F1-E97B-4D14-9F3A-8AF01344E3B9}"
	ProjectSection(ProjectDependencies) = postProject
		{2935E02F-43ED-4670-9A00-A91B0AD3D66C} = {2935E02F-43ED-4670-9A00-A91B0AD3D66C}
		{3E4B908A-4F96-43C5-981B-1AA4B73CCC26} = {3E4B908A-4F96-43C5-981B-1AA4B73CCC26}
	EndProjectSection
EndProject
Project("{8BC9CEB8-8B4A-11D0-8D11-00A0C91BC942}") = "IcuConvEC", "src\IcuEC\IcuConvCpp\IcuConvEC 2010.vcxproj", "{B6F84043-658E-4732-AFCA-BBE07FF465CB}"
EndProject
Project("{8BC9CEB8-8B4A-11D0-8D11-00A0C91BC942}") = "IcuRegexEC", "src\IcuEC\IcuRegexCpp\IcuRegexEC 2010.vcxproj", "{F77C7224-DF82-4ADF-A761-773D21B58EF4}"
EndProject
Project("{8BC9CEB8-8B4A-11D0-8D11-00A0C91BC942}") = "IcuTranslitEC", "src\IcuEC\IcuTransitCpp\IcuTranslitEC 2010.vcxproj", "{1D0DA000-6192-4B57-A377-7A0A5AB1A121}"
EndProject
Project("{FAE04EC0-301F-11D3-BF4B-00C04F79EFBC}") = "IcuEC 2010", "src\IcuEC\IcuEC 2010.csproj", "{D1BAE593-A552-4F1A-8B08-5A1C27875C2F}"
	ProjectSection(ProjectDependencies) = postProject
		{1D0DA000-6192-4B57-A377-7A0A5AB1A121} = {1D0DA000-6192-4B57-A377-7A0A5AB1A121}
		{F77C7224-DF82-4ADF-A761-773D21B58EF4} = {F77C7224-DF82-4ADF-A761-773D21B58EF4}
		{B6F84043-658E-4732-AFCA-BBE07FF465CB} = {B6F84043-658E-4732-AFCA-BBE07FF465CB}
	EndProjectSection
EndProject
Project("{8BC9CEB8-8B4A-11D0-8D11-00A0C91BC942}") = "PyScriptEncConverter", "src\PyScriptEC\PyScriptCpp\PyScriptEncConverter 2010.vcxproj", "{C5808AC0-A52F-4D77-9903-AE6709712B62}"
EndProject
Project("{FAE04EC0-301F-11D3-BF4B-00C04F79EFBC}") = "PyScriptEC 2010", "src\PyScriptEC\PyScriptEC 2010.csproj", "{0DFDDA0B-9EBF-4238-8A2B-D4C2B4F745D7}"
	ProjectSection(ProjectDependencies) = postProject
		{C5808AC0-A52F-4D77-9903-AE6709712B62} = {C5808AC0-A52F-4D77-9903-AE6709712B62}
	EndProjectSection
EndProject
Project("{FAE04EC0-301F-11D3-BF4B-00C04F79EFBC}") = "PerlExpressionEC 2010", "src\PerlExpressionEC\PerlExpressionEC 2010.csproj", "{4704F67B-246D-483C-B840-231F42D7A12B}"
EndProject
Project("{FAE04EC0-301F-11D3-BF4B-00C04F79EFBC}") = "CcEC 2010", "src\CcEC\CcEC 2010.csproj", "{2E70A627-605F-4625-8637-A7109DB8B35C}"
EndProject
Project("{FAE04EC0-301F-11D3-BF4B-00C04F79EFBC}") = "TestEncCnvtrs 2010", "src\TestEncCnvtrs\TestEncCnvtrs 2010.csproj", "{E13305E0-0AC9-4181-A9AD-3B9B0A479087}"
	ProjectSection(ProjectDependencies) = postProject
		{1D0DA000-6192-4B57-A377-7A0A5AB1A121} = {1D0DA000-6192-4B57-A377-7A0A5AB1A121}
		{DC0A7A02-87B7-4619-B45F-D5A3ECB599A9} = {DC0A7A02-87B7-4619-B45F-D5A3ECB599A9}
		{0DFDDA0B-9EBF-4238-8A2B-D4C2B4F745D7} = {0DFDDA0B-9EBF-4238-8A2B-D4C2B4F745D7}
		{F77C7224-DF82-4ADF-A761-773D21B58EF4} = {F77C7224-DF82-4ADF-A761-773D21B58EF4}
		{2E70A627-605F-4625-8637-A7109DB8B35C} = {2E70A627-605F-4625-8637-A7109DB8B35C}
		{2935E02F-43ED-4670-9A00-A91B0AD3D66C} = {2935E02F-43ED-4670-9A00-A91B0AD3D66C}
		{B6F84043-658E-4732-AFCA-BBE07FF465CB} = {B6F84043-658E-4732-AFCA-BBE07FF465CB}
		{088E2974-9588-4EDA-AF7F-869A10DF402A} = {088E2974-9588-4EDA-AF7F-869A10DF402A}
		{4704F67B-246D-483C-B840-231F42D7A12B} = {4704F67B-246D-483C-B840-231F42D7A12B}
		{3E4B908A-4F96-43C5-981B-1AA4B73CCC26} = {3E4B908A-4F96-43C5-981B-1AA4B73CCC26}
		{D1BAE593-A552-4F1A-8B08-5A1C27875C2F} = {D1BAE593-A552-4F1A-8B08-5A1C27875C2F}
		{C5808AC0-A52F-4D77-9903-AE6709712B62} = {C5808AC0-A52F-4D77-9903-AE6709712B62}
		{B718B5F3-A49A-454C-84FD-6D6F59EC7410} = {B718B5F3-A49A-454C-84FD-6D6F59EC7410}
	EndProjectSection
EndProject
Project("{FAE04EC0-301F-11D3-BF4B-00C04F79EFBC}") = "AppDataMover", "src\AppDataMover\AppDataMover.csproj", "{AC397DFB-5A78-43FF-AB14-83FCAE39ECEC}"
	ProjectSection(ProjectDependencies) = postProject
		{3E4B908A-4F96-43C5-981B-1AA4B73CCC26} = {3E4B908A-4F96-43C5-981B-1AA4B73CCC26}
	EndProjectSection
EndProject
Project("{8BC9CEB8-8B4A-11D0-8D11-00A0C91BC942}") = "GuesserEC", "src\AIGuesserEC\GuesserEC\GuesserEC.vcxproj", "{7F906C15-8DCD-466E-9AF3-2EF50E7FC046}"
EndProject
Project("{930C7802-8A8C-48F9-8165-68863BCCD9DD}") = "EC_40_MM", "installer\EC_40_MM\EC_40_MM.wixproj", "{DBF25A0C-5F5B-4060-AC5C-CDC50C4AA014}"
	ProjectSection(ProjectDependencies) = postProject
		{2935E02F-43ED-4670-9A00-A91B0AD3D66C} = {2935E02F-43ED-4670-9A00-A91B0AD3D66C}
		{3E4B908A-4F96-43C5-981B-1AA4B73CCC26} = {3E4B908A-4F96-43C5-981B-1AA4B73CCC26}
		{1AE110F1-E97B-4D14-9F3A-8AF01344E3B9} = {1AE110F1-E97B-4D14-9F3A-8AF01344E3B9}
		{AC397DFB-5A78-43FF-AB14-83FCAE39ECEC} = {AC397DFB-5A78-43FF-AB14-83FCAE39ECEC}
	EndProjectSection
EndProject
Project("{930C7802-8A8C-48F9-8165-68863BCCD9DD}") = "CcDLLsMM", "installer\CcDLLsMM\CcDLLsMM.wixproj", "{69904B85-6945-4369-A2E3-79DD7319FB53}"
	ProjectSection(ProjectDependencies) = postProject
		{2E70A627-605F-4625-8637-A7109DB8B35C} = {2E70A627-605F-4625-8637-A7109DB8B35C}
	EndProjectSection
EndProject
Project("{930C7802-8A8C-48F9-8165-68863BCCD9DD}") = "AIGuesserMM", "installer\AIGuesserMM\AIGuesserMM.wixproj", "{406EA033-1918-4CE2-AE3D-1AC9B14CF111}"
	ProjectSection(ProjectDependencies) = postProject
		{B718B5F3-A49A-454C-84FD-6D6F59EC7410} = {B718B5F3-A49A-454C-84FD-6D6F59EC7410}
	EndProjectSection
EndProject
Project("{930C7802-8A8C-48F9-8165-68863BCCD9DD}") = "TECkitDLLsMM", "installer\TECkitDLLsMM\TECkitDLLsMM.wixproj", "{6EAFDB48-2E2C-4874-9924-2D8B115FA1EF}"
EndProject
Project("{930C7802-8A8C-48F9-8165-68863BCCD9DD}") = "PerlEcMM", "installer\PerlEcMM\PerlEcMM.wixproj", "{D6A6243C-A7F4-4174-80C5-5EFD39C29D5E}"
	ProjectSection(ProjectDependencies) = postProject
		{4704F67B-246D-483C-B840-231F42D7A12B} = {4704F67B-246D-483C-B840-231F42D7A12B}
	EndProjectSection
EndProject
Project("{930C7802-8A8C-48F9-8165-68863BCCD9DD}") = "PythonEcMM", "installer\PythonEcMM\PythonEcMM.wixproj", "{34D26D24-57AF-4031-B5B6-5A8C9279AFCC}"
	ProjectSection(ProjectDependencies) = postProject
		{0DFDDA0B-9EBF-4238-8A2B-D4C2B4F745D7} = {0DFDDA0B-9EBF-4238-8A2B-D4C2B4F745D7}
	EndProjectSection
EndProject
Project("{930C7802-8A8C-48F9-8165-68863BCCD9DD}") = "TECkit64bitDllsMM", "installer\TECkit64bitDllsMM\TECkit64bitDllsMM.wixproj", "{AE5F8D43-08DE-4E3B-AE84-E89A01122B40}"
EndProject
Project("{930C7802-8A8C-48F9-8165-68863BCCD9DD}") = "PythonEc64bitMM", "installer\PythonEc64bitMM\PythonEc64bitMM.wixproj", "{CCBB5714-9635-4C54-AE1C-4D06441B9F3A}"
	ProjectSection(ProjectDependencies) = postProject
		{0DFDDA0B-9EBF-4238-8A2B-D4C2B4F745D7} = {0DFDDA0B-9EBF-4238-8A2B-D4C2B4F745D7}
		{C5808AC0-A52F-4D77-9903-AE6709712B62} = {C5808AC0-A52F-4D77-9903-AE6709712B62}
	EndProjectSection
EndProject
Project("{930C7802-8A8C-48F9-8165-68863BCCD9DD}") = "PerlEc64bitMM", "installer\PerlEc64bitMM\PerlEc64bitMM.wixproj", "{25E133DF-507B-422A-91FD-4E36155ABF7A}"
	ProjectSection(ProjectDependencies) = postProject
		{4704F67B-246D-483C-B840-231F42D7A12B} = {4704F67B-246D-483C-B840-231F42D7A12B}
	EndProjectSection
EndProject
Project("{930C7802-8A8C-48F9-8165-68863BCCD9DD}") = "EC_40_64bit_MM", "installer\EC_40_64bit_MM\EC_40_64bit_MM.wixproj", "{4BF6846B-4DB1-4C91-9435-43E1077BEEE4}"
	ProjectSection(ProjectDependencies) = postProject
		{3E4B908A-4F96-43C5-981B-1AA4B73CCC26} = {3E4B908A-4F96-43C5-981B-1AA4B73CCC26}
		{1AE110F1-E97B-4D14-9F3A-8AF01344E3B9} = {1AE110F1-E97B-4D14-9F3A-8AF01344E3B9}
		{AC397DFB-5A78-43FF-AB14-83FCAE39ECEC} = {AC397DFB-5A78-43FF-AB14-83FCAE39ECEC}
	EndProjectSection
EndProject
Project("{930C7802-8A8C-48F9-8165-68863BCCD9DD}") = "CcDLLs64bitMM", "installer\CcDLLs64bitMM\CcDLLs64bitMM.wixproj", "{8C8AF4F6-2E50-4195-BDBE-499CE90E52CA}"
	ProjectSection(ProjectDependencies) = postProject
		{2E70A627-605F-4625-8637-A7109DB8B35C} = {2E70A627-605F-4625-8637-A7109DB8B35C}
	EndProjectSection
EndProject
Project("{2150E333-8FDC-42A3-9474-1A3956D46DE8}") = "Solution Items", "Solution Items", "{AE15D9B7-3CAA-44E7-8CB8-8943DF1AA069}"
	ProjectSection(SolutionItems) = preProject
		build\Encoding-Converters-Core.props = build\Encoding-Converters-Core.props
		Package.nuspec = Package.nuspec
	EndProjectSection
EndProject
Project("{930C7802-8A8C-48F9-8165-68863BCCD9DD}") = "EcFolderACLsMM", "installer\EcFolderACLsMM\EcFolderACLsMM.wixproj", "{F7483CF4-5AB5-4E62-B87E-A6A88EC228DC}"
EndProject
Project("{930C7802-8A8C-48F9-8165-68863BCCD9DD}") = "AIGuesser64bitMM", "installer\AIGuesser64bitMM\AIGuesser64bitMM.wixproj", "{4E1ABD85-FEC5-4A11-944B-6C2DA3618CFF}"
	ProjectSection(ProjectDependencies) = postProject
		{B718B5F3-A49A-454C-84FD-6D6F59EC7410} = {B718B5F3-A49A-454C-84FD-6D6F59EC7410}
	EndProjectSection
EndProject
Project("{8BC9CEB8-8B4A-11D0-8D11-00A0C91BC942}") = "ICU4NET", "src\icu4net\ICU4NET\ICU4NET.vcxproj", "{2FADFE38-0429-489F-B910-8A5EC9AB5717}"
EndProject
Project("{930C7802-8A8C-48F9-8165-68863BCCD9DD}") = "ICU_40", "installer\ICU_40\ICU_40.wixproj", "{F590396D-0C09-44E1-A0AA-E093924BF679}"
EndProject
Project("{930C7802-8A8C-48F9-8165-68863BCCD9DD}") = "ICU_40_64bit", "installer\ICU_40_64bit\ICU_40_64bit.wixproj", "{4684B87B-462C-4C30-909F-A0D792245207}"
EndProject
Project("{FAE04EC0-301F-11D3-BF4B-00C04F79EFBC}") = "RunTests 2010", "src\RunTests\RunTests 2010.csproj", "{05A68C57-DC5D-4B49-AB0F-0AEC64A49716}"
EndProject
Project("{930C7802-8A8C-48F9-8165-68863BCCD9DD}") = "FireFox", "installer\FireFox\FireFox.wixproj", "{E4DE895C-B714-4FA7-B9DE-20EB2E4D78FD}"
EndProject
Project("{930C7802-8A8C-48F9-8165-68863BCCD9DD}") = "FireFox64", "installer\FireFox64bit\FireFox64.wixproj", "{823FD7A4-C5F9-4600-A9B8-49EF274BF5B8}"
EndProject
Project("{2150E333-8FDC-42A3-9474-1A3956D46DE8}") = "Plugins", "Plugins", "{8EDB013E-D5A6-4150-B0D4-D1B7B8460D46}"
	ProjectSection(SolutionItems) = preProject
		redist\EC\Plugins\AI 4.0.0.0 Plugin Details.xml = redist\EC\Plugins\AI 4.0.0.0 Plugin Details.xml
		redist\EC\Plugins\CC 4.0.0.0 Plugin Details.xml = redist\EC\Plugins\CC 4.0.0.0 Plugin Details.xml
		redist\EC\Plugins\EC 4.0.0.0 Plugin Details.xml = redist\EC\Plugins\EC 4.0.0.0 Plugin Details.xml
		redist\EC\Plugins\IcuEC 4.0.0.0 Plugin Details.xml = redist\EC\Plugins\IcuEC 4.0.0.0 Plugin Details.xml
		redist\EC\Plugins\PerlEC 4.0.0.0 Plugin Details.xml = redist\EC\Plugins\PerlEC 4.0.0.0 Plugin Details.xml
		redist\EC\Plugins\PythonEC 4.0.0.0 Plugin Details.xml = redist\EC\Plugins\PythonEC 4.0.0.0 Plugin Details.xml
		redist\EC\Plugins\SIEC 4.0.0.0 Plugin Details.xml = redist\EC\Plugins\SIEC 4.0.0.0 Plugin Details.xml
	EndProjectSection
EndProject
Project("{FAE04EC0-301F-11D3-BF4B-00C04F79EFBC}") = "EcTranslators", "src\EcTranslators\EcTranslators.csproj", "{C4D0AA5B-F319-4E06-A982-A52E79EB57DC}"
EndProject
Project("{930C7802-8A8C-48F9-8165-68863BCCD9DD}") = "EcTranslatorsMM", "installer\EcTranslatorsMM\EcTranslatorsMM.wixproj", "{9FAB4338-F089-4279-A5DF-AF5FC0368783}"
	ProjectSection(ProjectDependencies) = postProject
		{C4D0AA5B-F319-4E06-A982-A52E79EB57DC} = {C4D0AA5B-F319-4E06-A982-A52E79EB57DC}
	EndProjectSection
EndProject
Project("{930C7802-8A8C-48F9-8165-68863BCCD9DD}") = "EcTranslators64bitMM", "installer\EcTranslators64bitMM\EcTranslators64bitMM.wixproj", "{9628E44E-C407-4EA3-95AF-C7E4310EB9D3}"
EndProject
Project("{FAE04EC0-301F-11D3-BF4B-00C04F79EFBC}") = "BackTranslationHelper", "src\BackTranslationHelper\BackTranslationHelper.csproj", "{3E74CE98-6558-4AF0-BB0C-C7E436208B1B}"
EndProject
Global
	GlobalSection(SolutionConfigurationPlatforms) = preSolution
		Debug|Any CPU = Debug|Any CPU
		Debug|Win32 = Debug|Win32
		Debug|x64 = Debug|x64
		Release|Any CPU = Release|Any CPU
		Release|Win32 = Release|Win32
		Release|x64 = Release|x64
		Template|Any CPU = Template|Any CPU
		Template|Win32 = Template|Win32
		Template|x64 = Template|x64
	EndGlobalSection
	GlobalSection(ProjectConfigurationPlatforms) = postSolution
		{2935E02F-43ED-4670-9A00-A91B0AD3D66C}.Debug|Any CPU.ActiveCfg = Debug|x86
		{2935E02F-43ED-4670-9A00-A91B0AD3D66C}.Debug|Win32.ActiveCfg = Debug|x86
		{2935E02F-43ED-4670-9A00-A91B0AD3D66C}.Debug|Win32.Build.0 = Debug|x86
		{2935E02F-43ED-4670-9A00-A91B0AD3D66C}.Debug|x64.ActiveCfg = Debug|x64
		{2935E02F-43ED-4670-9A00-A91B0AD3D66C}.Debug|x64.Build.0 = Debug|x64
		{2935E02F-43ED-4670-9A00-A91B0AD3D66C}.Release|Any CPU.ActiveCfg = Release|x86
		{2935E02F-43ED-4670-9A00-A91B0AD3D66C}.Release|Win32.ActiveCfg = Release|x86
		{2935E02F-43ED-4670-9A00-A91B0AD3D66C}.Release|Win32.Build.0 = Release|x86
		{2935E02F-43ED-4670-9A00-A91B0AD3D66C}.Release|x64.ActiveCfg = Release|x64
		{2935E02F-43ED-4670-9A00-A91B0AD3D66C}.Release|x64.Build.0 = Release|x64
		{2935E02F-43ED-4670-9A00-A91B0AD3D66C}.Template|Any CPU.ActiveCfg = Release|x64
		{2935E02F-43ED-4670-9A00-A91B0AD3D66C}.Template|Any CPU.Build.0 = Release|x64
		{2935E02F-43ED-4670-9A00-A91B0AD3D66C}.Template|Win32.ActiveCfg = Release|x64
		{2935E02F-43ED-4670-9A00-A91B0AD3D66C}.Template|x64.ActiveCfg = Release|x64
		{2935E02F-43ED-4670-9A00-A91B0AD3D66C}.Template|x64.Build.0 = Release|x64
		{3E4B908A-4F96-43C5-981B-1AA4B73CCC26}.Debug|Any CPU.ActiveCfg = Debug|Any CPU
		{3E4B908A-4F96-43C5-981B-1AA4B73CCC26}.Debug|Any CPU.Build.0 = Debug|Any CPU
		{3E4B908A-4F96-43C5-981B-1AA4B73CCC26}.Debug|Win32.ActiveCfg = Debug|x86
		{3E4B908A-4F96-43C5-981B-1AA4B73CCC26}.Debug|Win32.Build.0 = Debug|x86
		{3E4B908A-4F96-43C5-981B-1AA4B73CCC26}.Debug|x64.ActiveCfg = Debug|x64
		{3E4B908A-4F96-43C5-981B-1AA4B73CCC26}.Debug|x64.Build.0 = Debug|x64
		{3E4B908A-4F96-43C5-981B-1AA4B73CCC26}.Release|Any CPU.ActiveCfg = Release|Any CPU
		{3E4B908A-4F96-43C5-981B-1AA4B73CCC26}.Release|Any CPU.Build.0 = Release|Any CPU
		{3E4B908A-4F96-43C5-981B-1AA4B73CCC26}.Release|Win32.ActiveCfg = Release|x86
		{3E4B908A-4F96-43C5-981B-1AA4B73CCC26}.Release|Win32.Build.0 = Release|x86
		{3E4B908A-4F96-43C5-981B-1AA4B73CCC26}.Release|x64.ActiveCfg = Release|x64
		{3E4B908A-4F96-43C5-981B-1AA4B73CCC26}.Release|x64.Build.0 = Release|x64
		{3E4B908A-4F96-43C5-981B-1AA4B73CCC26}.Template|Any CPU.ActiveCfg = Release|Any CPU
		{3E4B908A-4F96-43C5-981B-1AA4B73CCC26}.Template|Any CPU.Build.0 = Release|Any CPU
		{3E4B908A-4F96-43C5-981B-1AA4B73CCC26}.Template|Win32.ActiveCfg = Release|x64
		{3E4B908A-4F96-43C5-981B-1AA4B73CCC26}.Template|x64.ActiveCfg = Debug|x64
		{3E4B908A-4F96-43C5-981B-1AA4B73CCC26}.Template|x64.Build.0 = Debug|x64
		{1E45DBF2-3629-4413-AC1F-61E6AA33B9B6}.Debug|Any CPU.ActiveCfg = Debug|x86
		{1E45DBF2-3629-4413-AC1F-61E6AA33B9B6}.Debug|Win32.ActiveCfg = Debug|x86
		{1E45DBF2-3629-4413-AC1F-61E6AA33B9B6}.Debug|Win32.Build.0 = Debug|x86
		{1E45DBF2-3629-4413-AC1F-61E6AA33B9B6}.Debug|x64.ActiveCfg = Debug|x64
		{1E45DBF2-3629-4413-AC1F-61E6AA33B9B6}.Debug|x64.Build.0 = Debug|x64
		{1E45DBF2-3629-4413-AC1F-61E6AA33B9B6}.Release|Any CPU.ActiveCfg = Release|x86
		{1E45DBF2-3629-4413-AC1F-61E6AA33B9B6}.Release|Win32.ActiveCfg = Release|x86
		{1E45DBF2-3629-4413-AC1F-61E6AA33B9B6}.Release|Win32.Build.0 = Release|x86
		{1E45DBF2-3629-4413-AC1F-61E6AA33B9B6}.Release|x64.ActiveCfg = Release|x64
		{1E45DBF2-3629-4413-AC1F-61E6AA33B9B6}.Release|x64.Build.0 = Release|x64
		{1E45DBF2-3629-4413-AC1F-61E6AA33B9B6}.Template|Any CPU.ActiveCfg = Release|x64
		{1E45DBF2-3629-4413-AC1F-61E6AA33B9B6}.Template|Any CPU.Build.0 = Release|x64
		{1E45DBF2-3629-4413-AC1F-61E6AA33B9B6}.Template|Win32.ActiveCfg = Debug|x86
		{1E45DBF2-3629-4413-AC1F-61E6AA33B9B6}.Template|x64.ActiveCfg = Release|x64
		{1E45DBF2-3629-4413-AC1F-61E6AA33B9B6}.Template|x64.Build.0 = Release|x64
		{B718B5F3-A49A-454C-84FD-6D6F59EC7410}.Debug|Any CPU.ActiveCfg = Debug|x86
		{B718B5F3-A49A-454C-84FD-6D6F59EC7410}.Debug|Win32.ActiveCfg = Debug|x86
		{B718B5F3-A49A-454C-84FD-6D6F59EC7410}.Debug|Win32.Build.0 = Debug|x86
		{B718B5F3-A49A-454C-84FD-6D6F59EC7410}.Debug|x64.ActiveCfg = Debug|x64
		{B718B5F3-A49A-454C-84FD-6D6F59EC7410}.Debug|x64.Build.0 = Debug|x64
		{B718B5F3-A49A-454C-84FD-6D6F59EC7410}.Release|Any CPU.ActiveCfg = Release|x86
		{B718B5F3-A49A-454C-84FD-6D6F59EC7410}.Release|Win32.ActiveCfg = Release|x86
		{B718B5F3-A49A-454C-84FD-6D6F59EC7410}.Release|Win32.Build.0 = Release|x86
		{B718B5F3-A49A-454C-84FD-6D6F59EC7410}.Release|x64.ActiveCfg = Release|x64
		{B718B5F3-A49A-454C-84FD-6D6F59EC7410}.Release|x64.Build.0 = Release|x64
		{B718B5F3-A49A-454C-84FD-6D6F59EC7410}.Template|Any CPU.ActiveCfg = Release|x64
		{B718B5F3-A49A-454C-84FD-6D6F59EC7410}.Template|Any CPU.Build.0 = Release|x64
		{B718B5F3-A49A-454C-84FD-6D6F59EC7410}.Template|Win32.ActiveCfg = Release|x64
		{B718B5F3-A49A-454C-84FD-6D6F59EC7410}.Template|x64.ActiveCfg = Debug|x64
		{B718B5F3-A49A-454C-84FD-6D6F59EC7410}.Template|x64.Build.0 = Debug|x64
		{088E2974-9588-4EDA-AF7F-869A10DF402A}.Debug|Any CPU.ActiveCfg = Debug|x86
		{088E2974-9588-4EDA-AF7F-869A10DF402A}.Debug|Win32.ActiveCfg = Debug|x86
		{088E2974-9588-4EDA-AF7F-869A10DF402A}.Debug|Win32.Build.0 = Debug|x86
		{088E2974-9588-4EDA-AF7F-869A10DF402A}.Debug|x64.ActiveCfg = Debug|x64
		{088E2974-9588-4EDA-AF7F-869A10DF402A}.Debug|x64.Build.0 = Debug|x64
		{088E2974-9588-4EDA-AF7F-869A10DF402A}.Release|Any CPU.ActiveCfg = Release|x86
		{088E2974-9588-4EDA-AF7F-869A10DF402A}.Release|Win32.ActiveCfg = Release|x86
		{088E2974-9588-4EDA-AF7F-869A10DF402A}.Release|Win32.Build.0 = Release|x86
		{088E2974-9588-4EDA-AF7F-869A10DF402A}.Release|x64.ActiveCfg = Release|x64
		{088E2974-9588-4EDA-AF7F-869A10DF402A}.Release|x64.Build.0 = Release|x64
		{088E2974-9588-4EDA-AF7F-869A10DF402A}.Template|Any CPU.ActiveCfg = Release|x64
		{088E2974-9588-4EDA-AF7F-869A10DF402A}.Template|Any CPU.Build.0 = Release|x64
		{088E2974-9588-4EDA-AF7F-869A10DF402A}.Template|Win32.ActiveCfg = Debug|x86
		{088E2974-9588-4EDA-AF7F-869A10DF402A}.Template|x64.ActiveCfg = Release|x64
		{088E2974-9588-4EDA-AF7F-869A10DF402A}.Template|x64.Build.0 = Release|x64
		{DC0A7A02-87B7-4619-B45F-D5A3ECB599A9}.Debug|Any CPU.ActiveCfg = Debug|x86
		{DC0A7A02-87B7-4619-B45F-D5A3ECB599A9}.Debug|Win32.ActiveCfg = Debug|x86
		{DC0A7A02-87B7-4619-B45F-D5A3ECB599A9}.Debug|Win32.Build.0 = Debug|x86
		{DC0A7A02-87B7-4619-B45F-D5A3ECB599A9}.Debug|x64.ActiveCfg = Debug|x64
		{DC0A7A02-87B7-4619-B45F-D5A3ECB599A9}.Debug|x64.Build.0 = Debug|x64
		{DC0A7A02-87B7-4619-B45F-D5A3ECB599A9}.Release|Any CPU.ActiveCfg = Release|x86
		{DC0A7A02-87B7-4619-B45F-D5A3ECB599A9}.Release|Win32.ActiveCfg = Release|x86
		{DC0A7A02-87B7-4619-B45F-D5A3ECB599A9}.Release|Win32.Build.0 = Release|x86
		{DC0A7A02-87B7-4619-B45F-D5A3ECB599A9}.Release|x64.ActiveCfg = Release|x64
		{DC0A7A02-87B7-4619-B45F-D5A3ECB599A9}.Release|x64.Build.0 = Release|x64
		{DC0A7A02-87B7-4619-B45F-D5A3ECB599A9}.Template|Any CPU.ActiveCfg = Release|x64
		{DC0A7A02-87B7-4619-B45F-D5A3ECB599A9}.Template|Any CPU.Build.0 = Release|x64
		{DC0A7A02-87B7-4619-B45F-D5A3ECB599A9}.Template|Win32.ActiveCfg = Release|x64
		{DC0A7A02-87B7-4619-B45F-D5A3ECB599A9}.Template|x64.ActiveCfg = Debug|x64
		{DC0A7A02-87B7-4619-B45F-D5A3ECB599A9}.Template|x64.Build.0 = Debug|x64
		{1AE110F1-E97B-4D14-9F3A-8AF01344E3B9}.Debug|Any CPU.ActiveCfg = Debug|Win32
		{1AE110F1-E97B-4D14-9F3A-8AF01344E3B9}.Debug|Win32.ActiveCfg = Debug|Win32
		{1AE110F1-E97B-4D14-9F3A-8AF01344E3B9}.Debug|Win32.Build.0 = Debug|Win32
		{1AE110F1-E97B-4D14-9F3A-8AF01344E3B9}.Debug|x64.ActiveCfg = Debug|x64
		{1AE110F1-E97B-4D14-9F3A-8AF01344E3B9}.Debug|x64.Build.0 = Debug|x64
		{1AE110F1-E97B-4D14-9F3A-8AF01344E3B9}.Release|Any CPU.ActiveCfg = Release|Win32
		{1AE110F1-E97B-4D14-9F3A-8AF01344E3B9}.Release|Win32.ActiveCfg = Release|Win32
		{1AE110F1-E97B-4D14-9F3A-8AF01344E3B9}.Release|Win32.Build.0 = Release|Win32
		{1AE110F1-E97B-4D14-9F3A-8AF01344E3B9}.Release|x64.ActiveCfg = Release|x64
		{1AE110F1-E97B-4D14-9F3A-8AF01344E3B9}.Release|x64.Build.0 = Release|x64
		{1AE110F1-E97B-4D14-9F3A-8AF01344E3B9}.Template|Any CPU.ActiveCfg = Release|x64
		{1AE110F1-E97B-4D14-9F3A-8AF01344E3B9}.Template|Any CPU.Build.0 = Release|x64
		{1AE110F1-E97B-4D14-9F3A-8AF01344E3B9}.Template|Win32.ActiveCfg = Release|Win32
		{1AE110F1-E97B-4D14-9F3A-8AF01344E3B9}.Template|Win32.Build.0 = Release|Win32
		{1AE110F1-E97B-4D14-9F3A-8AF01344E3B9}.Template|x64.ActiveCfg = Release|x64
		{1AE110F1-E97B-4D14-9F3A-8AF01344E3B9}.Template|x64.Build.0 = Release|x64
		{B6F84043-658E-4732-AFCA-BBE07FF465CB}.Debug|Any CPU.ActiveCfg = Debug|Win32
		{B6F84043-658E-4732-AFCA-BBE07FF465CB}.Debug|Win32.ActiveCfg = Debug|Win32
		{B6F84043-658E-4732-AFCA-BBE07FF465CB}.Debug|Win32.Build.0 = Debug|Win32
		{B6F84043-658E-4732-AFCA-BBE07FF465CB}.Debug|x64.ActiveCfg = Debug|x64
		{B6F84043-658E-4732-AFCA-BBE07FF465CB}.Debug|x64.Build.0 = Debug|x64
		{B6F84043-658E-4732-AFCA-BBE07FF465CB}.Release|Any CPU.ActiveCfg = Release|Win32
		{B6F84043-658E-4732-AFCA-BBE07FF465CB}.Release|Win32.ActiveCfg = Release|Win32
		{B6F84043-658E-4732-AFCA-BBE07FF465CB}.Release|Win32.Build.0 = Release|Win32
		{B6F84043-658E-4732-AFCA-BBE07FF465CB}.Release|x64.ActiveCfg = Release|x64
		{B6F84043-658E-4732-AFCA-BBE07FF465CB}.Release|x64.Build.0 = Release|x64
		{B6F84043-658E-4732-AFCA-BBE07FF465CB}.Template|Any CPU.ActiveCfg = Release|x64
		{B6F84043-658E-4732-AFCA-BBE07FF465CB}.Template|Any CPU.Build.0 = Release|x64
		{B6F84043-658E-4732-AFCA-BBE07FF465CB}.Template|Win32.ActiveCfg = Release|Win32
		{B6F84043-658E-4732-AFCA-BBE07FF465CB}.Template|Win32.Build.0 = Release|Win32
		{B6F84043-658E-4732-AFCA-BBE07FF465CB}.Template|x64.ActiveCfg = Release|x64
		{B6F84043-658E-4732-AFCA-BBE07FF465CB}.Template|x64.Build.0 = Release|x64
		{F77C7224-DF82-4ADF-A761-773D21B58EF4}.Debug|Any CPU.ActiveCfg = Debug|Win32
		{F77C7224-DF82-4ADF-A761-773D21B58EF4}.Debug|Win32.ActiveCfg = Debug|Win32
		{F77C7224-DF82-4ADF-A761-773D21B58EF4}.Debug|Win32.Build.0 = Debug|Win32
		{F77C7224-DF82-4ADF-A761-773D21B58EF4}.Debug|x64.ActiveCfg = Debug|x64
		{F77C7224-DF82-4ADF-A761-773D21B58EF4}.Debug|x64.Build.0 = Debug|x64
		{F77C7224-DF82-4ADF-A761-773D21B58EF4}.Release|Any CPU.ActiveCfg = Release|Win32
		{F77C7224-DF82-4ADF-A761-773D21B58EF4}.Release|Win32.ActiveCfg = Release|Win32
		{F77C7224-DF82-4ADF-A761-773D21B58EF4}.Release|Win32.Build.0 = Release|Win32
		{F77C7224-DF82-4ADF-A761-773D21B58EF4}.Release|x64.ActiveCfg = Release|x64
		{F77C7224-DF82-4ADF-A761-773D21B58EF4}.Release|x64.Build.0 = Release|x64
		{F77C7224-DF82-4ADF-A761-773D21B58EF4}.Template|Any CPU.ActiveCfg = Release|x64
		{F77C7224-DF82-4ADF-A761-773D21B58EF4}.Template|Any CPU.Build.0 = Release|x64
		{F77C7224-DF82-4ADF-A761-773D21B58EF4}.Template|Win32.ActiveCfg = Release|Win32
		{F77C7224-DF82-4ADF-A761-773D21B58EF4}.Template|Win32.Build.0 = Release|Win32
		{F77C7224-DF82-4ADF-A761-773D21B58EF4}.Template|x64.ActiveCfg = Release|x64
		{F77C7224-DF82-4ADF-A761-773D21B58EF4}.Template|x64.Build.0 = Release|x64
		{1D0DA000-6192-4B57-A377-7A0A5AB1A121}.Debug|Any CPU.ActiveCfg = Debug|Win32
		{1D0DA000-6192-4B57-A377-7A0A5AB1A121}.Debug|Win32.ActiveCfg = Debug|Win32
		{1D0DA000-6192-4B57-A377-7A0A5AB1A121}.Debug|Win32.Build.0 = Debug|Win32
		{1D0DA000-6192-4B57-A377-7A0A5AB1A121}.Debug|x64.ActiveCfg = Debug|x64
		{1D0DA000-6192-4B57-A377-7A0A5AB1A121}.Debug|x64.Build.0 = Debug|x64
		{1D0DA000-6192-4B57-A377-7A0A5AB1A121}.Release|Any CPU.ActiveCfg = Release|Win32
		{1D0DA000-6192-4B57-A377-7A0A5AB1A121}.Release|Win32.ActiveCfg = Release|Win32
		{1D0DA000-6192-4B57-A377-7A0A5AB1A121}.Release|Win32.Build.0 = Release|Win32
		{1D0DA000-6192-4B57-A377-7A0A5AB1A121}.Release|x64.ActiveCfg = Release|x64
		{1D0DA000-6192-4B57-A377-7A0A5AB1A121}.Release|x64.Build.0 = Release|x64
		{1D0DA000-6192-4B57-A377-7A0A5AB1A121}.Template|Any CPU.ActiveCfg = Release|x64
		{1D0DA000-6192-4B57-A377-7A0A5AB1A121}.Template|Any CPU.Build.0 = Release|x64
		{1D0DA000-6192-4B57-A377-7A0A5AB1A121}.Template|Win32.ActiveCfg = Release|Win32
		{1D0DA000-6192-4B57-A377-7A0A5AB1A121}.Template|Win32.Build.0 = Release|Win32
		{1D0DA000-6192-4B57-A377-7A0A5AB1A121}.Template|x64.ActiveCfg = Release|x64
		{1D0DA000-6192-4B57-A377-7A0A5AB1A121}.Template|x64.Build.0 = Release|x64
		{D1BAE593-A552-4F1A-8B08-5A1C27875C2F}.Debug|Any CPU.ActiveCfg = Debug|x86
		{D1BAE593-A552-4F1A-8B08-5A1C27875C2F}.Debug|Win32.ActiveCfg = Debug|x86
		{D1BAE593-A552-4F1A-8B08-5A1C27875C2F}.Debug|Win32.Build.0 = Debug|x86
		{D1BAE593-A552-4F1A-8B08-5A1C27875C2F}.Debug|x64.ActiveCfg = Debug|x64
		{D1BAE593-A552-4F1A-8B08-5A1C27875C2F}.Debug|x64.Build.0 = Debug|x64
		{D1BAE593-A552-4F1A-8B08-5A1C27875C2F}.Release|Any CPU.ActiveCfg = Release|x86
		{D1BAE593-A552-4F1A-8B08-5A1C27875C2F}.Release|Win32.ActiveCfg = Release|x86
		{D1BAE593-A552-4F1A-8B08-5A1C27875C2F}.Release|Win32.Build.0 = Release|x86
		{D1BAE593-A552-4F1A-8B08-5A1C27875C2F}.Release|x64.ActiveCfg = Release|x64
		{D1BAE593-A552-4F1A-8B08-5A1C27875C2F}.Release|x64.Build.0 = Release|x64
		{D1BAE593-A552-4F1A-8B08-5A1C27875C2F}.Template|Any CPU.ActiveCfg = Release|x64
		{D1BAE593-A552-4F1A-8B08-5A1C27875C2F}.Template|Any CPU.Build.0 = Release|x64
		{D1BAE593-A552-4F1A-8B08-5A1C27875C2F}.Template|Win32.ActiveCfg = Release|x64
		{D1BAE593-A552-4F1A-8B08-5A1C27875C2F}.Template|x64.ActiveCfg = Release|x64
		{D1BAE593-A552-4F1A-8B08-5A1C27875C2F}.Template|x64.Build.0 = Release|x64
		{C5808AC0-A52F-4D77-9903-AE6709712B62}.Debug|Any CPU.ActiveCfg = Debug|Win32
		{C5808AC0-A52F-4D77-9903-AE6709712B62}.Debug|Win32.ActiveCfg = Debug|Win32
		{C5808AC0-A52F-4D77-9903-AE6709712B62}.Debug|Win32.Build.0 = Debug|Win32
		{C5808AC0-A52F-4D77-9903-AE6709712B62}.Debug|x64.ActiveCfg = Debug|x64
		{C5808AC0-A52F-4D77-9903-AE6709712B62}.Debug|x64.Build.0 = Debug|x64
		{C5808AC0-A52F-4D77-9903-AE6709712B62}.Release|Any CPU.ActiveCfg = Release|Win32
		{C5808AC0-A52F-4D77-9903-AE6709712B62}.Release|Win32.ActiveCfg = Release|Win32
		{C5808AC0-A52F-4D77-9903-AE6709712B62}.Release|Win32.Build.0 = Release|Win32
		{C5808AC0-A52F-4D77-9903-AE6709712B62}.Release|x64.ActiveCfg = Release|x64
		{C5808AC0-A52F-4D77-9903-AE6709712B62}.Release|x64.Build.0 = Release|x64
		{C5808AC0-A52F-4D77-9903-AE6709712B62}.Template|Any CPU.ActiveCfg = Release|x64
		{C5808AC0-A52F-4D77-9903-AE6709712B62}.Template|Any CPU.Build.0 = Release|x64
		{C5808AC0-A52F-4D77-9903-AE6709712B62}.Template|Win32.ActiveCfg = Release|Win32
		{C5808AC0-A52F-4D77-9903-AE6709712B62}.Template|Win32.Build.0 = Release|Win32
		{C5808AC0-A52F-4D77-9903-AE6709712B62}.Template|x64.ActiveCfg = Release|x64
		{C5808AC0-A52F-4D77-9903-AE6709712B62}.Template|x64.Build.0 = Release|x64
		{0DFDDA0B-9EBF-4238-8A2B-D4C2B4F745D7}.Debug|Any CPU.ActiveCfg = Debug|x86
		{0DFDDA0B-9EBF-4238-8A2B-D4C2B4F745D7}.Debug|Win32.ActiveCfg = Debug|x86
		{0DFDDA0B-9EBF-4238-8A2B-D4C2B4F745D7}.Debug|Win32.Build.0 = Debug|x86
		{0DFDDA0B-9EBF-4238-8A2B-D4C2B4F745D7}.Debug|x64.ActiveCfg = Debug|x64
		{0DFDDA0B-9EBF-4238-8A2B-D4C2B4F745D7}.Debug|x64.Build.0 = Debug|x64
		{0DFDDA0B-9EBF-4238-8A2B-D4C2B4F745D7}.Release|Any CPU.ActiveCfg = Release|x86
		{0DFDDA0B-9EBF-4238-8A2B-D4C2B4F745D7}.Release|Win32.ActiveCfg = Release|x86
		{0DFDDA0B-9EBF-4238-8A2B-D4C2B4F745D7}.Release|Win32.Build.0 = Release|x86
		{0DFDDA0B-9EBF-4238-8A2B-D4C2B4F745D7}.Release|x64.ActiveCfg = Release|x64
		{0DFDDA0B-9EBF-4238-8A2B-D4C2B4F745D7}.Release|x64.Build.0 = Release|x64
		{0DFDDA0B-9EBF-4238-8A2B-D4C2B4F745D7}.Template|Any CPU.ActiveCfg = Release|x64
		{0DFDDA0B-9EBF-4238-8A2B-D4C2B4F745D7}.Template|Any CPU.Build.0 = Release|x64
		{0DFDDA0B-9EBF-4238-8A2B-D4C2B4F745D7}.Template|Win32.ActiveCfg = Release|x64
		{0DFDDA0B-9EBF-4238-8A2B-D4C2B4F745D7}.Template|x64.ActiveCfg = Release|x64
		{0DFDDA0B-9EBF-4238-8A2B-D4C2B4F745D7}.Template|x64.Build.0 = Release|x64
		{4704F67B-246D-483C-B840-231F42D7A12B}.Debug|Any CPU.ActiveCfg = Debug|x86
		{4704F67B-246D-483C-B840-231F42D7A12B}.Debug|Win32.ActiveCfg = Debug|x86
		{4704F67B-246D-483C-B840-231F42D7A12B}.Debug|Win32.Build.0 = Debug|x86
		{4704F67B-246D-483C-B840-231F42D7A12B}.Debug|x64.ActiveCfg = Debug|x64
		{4704F67B-246D-483C-B840-231F42D7A12B}.Debug|x64.Build.0 = Debug|x64
		{4704F67B-246D-483C-B840-231F42D7A12B}.Release|Any CPU.ActiveCfg = Release|x86
		{4704F67B-246D-483C-B840-231F42D7A12B}.Release|Win32.ActiveCfg = Release|x86
		{4704F67B-246D-483C-B840-231F42D7A12B}.Release|Win32.Build.0 = Release|x86
		{4704F67B-246D-483C-B840-231F42D7A12B}.Release|x64.ActiveCfg = Release|x64
		{4704F67B-246D-483C-B840-231F42D7A12B}.Release|x64.Build.0 = Release|x64
		{4704F67B-246D-483C-B840-231F42D7A12B}.Template|Any CPU.ActiveCfg = Release|x64
		{4704F67B-246D-483C-B840-231F42D7A12B}.Template|Any CPU.Build.0 = Release|x64
		{4704F67B-246D-483C-B840-231F42D7A12B}.Template|Win32.ActiveCfg = Release|x64
		{4704F67B-246D-483C-B840-231F42D7A12B}.Template|x64.ActiveCfg = Release|x64
		{4704F67B-246D-483C-B840-231F42D7A12B}.Template|x64.Build.0 = Release|x64
		{2E70A627-605F-4625-8637-A7109DB8B35C}.Debug|Any CPU.ActiveCfg = Debug|x86
		{2E70A627-605F-4625-8637-A7109DB8B35C}.Debug|Win32.ActiveCfg = Debug|x86
		{2E70A627-605F-4625-8637-A7109DB8B35C}.Debug|Win32.Build.0 = Debug|x86
		{2E70A627-605F-4625-8637-A7109DB8B35C}.Debug|x64.ActiveCfg = Debug|x64
		{2E70A627-605F-4625-8637-A7109DB8B35C}.Debug|x64.Build.0 = Debug|x64
		{2E70A627-605F-4625-8637-A7109DB8B35C}.Release|Any CPU.ActiveCfg = Release|x86
		{2E70A627-605F-4625-8637-A7109DB8B35C}.Release|Win32.ActiveCfg = Release|x86
		{2E70A627-605F-4625-8637-A7109DB8B35C}.Release|Win32.Build.0 = Release|x86
		{2E70A627-605F-4625-8637-A7109DB8B35C}.Release|x64.ActiveCfg = Release|x64
		{2E70A627-605F-4625-8637-A7109DB8B35C}.Release|x64.Build.0 = Release|x64
		{2E70A627-605F-4625-8637-A7109DB8B35C}.Template|Any CPU.ActiveCfg = Release|x64
		{2E70A627-605F-4625-8637-A7109DB8B35C}.Template|Any CPU.Build.0 = Release|x64
		{2E70A627-605F-4625-8637-A7109DB8B35C}.Template|Win32.ActiveCfg = Debug|x86
		{2E70A627-605F-4625-8637-A7109DB8B35C}.Template|x64.ActiveCfg = Release|x64
		{2E70A627-605F-4625-8637-A7109DB8B35C}.Template|x64.Build.0 = Release|x64
		{E13305E0-0AC9-4181-A9AD-3B9B0A479087}.Debug|Any CPU.ActiveCfg = Debug|x86
		{E13305E0-0AC9-4181-A9AD-3B9B0A479087}.Debug|Win32.ActiveCfg = Debug|x86
		{E13305E0-0AC9-4181-A9AD-3B9B0A479087}.Debug|Win32.Build.0 = Debug|x86
		{E13305E0-0AC9-4181-A9AD-3B9B0A479087}.Debug|x64.ActiveCfg = Debug|x64
		{E13305E0-0AC9-4181-A9AD-3B9B0A479087}.Debug|x64.Build.0 = Debug|x64
		{E13305E0-0AC9-4181-A9AD-3B9B0A479087}.Release|Any CPU.ActiveCfg = Release|x86
		{E13305E0-0AC9-4181-A9AD-3B9B0A479087}.Release|Win32.ActiveCfg = Release|x86
		{E13305E0-0AC9-4181-A9AD-3B9B0A479087}.Release|Win32.Build.0 = Release|x86
		{E13305E0-0AC9-4181-A9AD-3B9B0A479087}.Release|x64.ActiveCfg = Release|x64
		{E13305E0-0AC9-4181-A9AD-3B9B0A479087}.Release|x64.Build.0 = Release|x64
		{E13305E0-0AC9-4181-A9AD-3B9B0A479087}.Template|Any CPU.ActiveCfg = Release|x64
		{E13305E0-0AC9-4181-A9AD-3B9B0A479087}.Template|Any CPU.Build.0 = Release|x64
		{E13305E0-0AC9-4181-A9AD-3B9B0A479087}.Template|Win32.ActiveCfg = Release|x64
		{E13305E0-0AC9-4181-A9AD-3B9B0A479087}.Template|x64.ActiveCfg = Release|x64
		{E13305E0-0AC9-4181-A9AD-3B9B0A479087}.Template|x64.Build.0 = Release|x64
		{AC397DFB-5A78-43FF-AB14-83FCAE39ECEC}.Debug|Any CPU.ActiveCfg = Debug|x86
		{AC397DFB-5A78-43FF-AB14-83FCAE39ECEC}.Debug|Win32.ActiveCfg = Debug|x86
		{AC397DFB-5A78-43FF-AB14-83FCAE39ECEC}.Debug|x64.ActiveCfg = Debug|x64
		{AC397DFB-5A78-43FF-AB14-83FCAE39ECEC}.Debug|x64.Build.0 = Debug|x64
		{AC397DFB-5A78-43FF-AB14-83FCAE39ECEC}.Release|Any CPU.ActiveCfg = Release|x86
		{AC397DFB-5A78-43FF-AB14-83FCAE39ECEC}.Release|Win32.ActiveCfg = Release|x86
		{AC397DFB-5A78-43FF-AB14-83FCAE39ECEC}.Release|Win32.Build.0 = Release|x86
		{AC397DFB-5A78-43FF-AB14-83FCAE39ECEC}.Release|x64.ActiveCfg = Release|x64
		{AC397DFB-5A78-43FF-AB14-83FCAE39ECEC}.Release|x64.Build.0 = Release|x64
		{AC397DFB-5A78-43FF-AB14-83FCAE39ECEC}.Template|Any CPU.ActiveCfg = Release|x64
		{AC397DFB-5A78-43FF-AB14-83FCAE39ECEC}.Template|Any CPU.Build.0 = Release|x64
		{AC397DFB-5A78-43FF-AB14-83FCAE39ECEC}.Template|Win32.ActiveCfg = Release|x64
		{AC397DFB-5A78-43FF-AB14-83FCAE39ECEC}.Template|x64.ActiveCfg = Release|x64
		{AC397DFB-5A78-43FF-AB14-83FCAE39ECEC}.Template|x64.Build.0 = Release|x64
		{7F906C15-8DCD-466E-9AF3-2EF50E7FC046}.Debug|Any CPU.ActiveCfg = Debug|Win32
		{7F906C15-8DCD-466E-9AF3-2EF50E7FC046}.Debug|Win32.ActiveCfg = Debug|Win32
		{7F906C15-8DCD-466E-9AF3-2EF50E7FC046}.Debug|Win32.Build.0 = Debug|Win32
		{7F906C15-8DCD-466E-9AF3-2EF50E7FC046}.Debug|x64.ActiveCfg = Debug|x64
		{7F906C15-8DCD-466E-9AF3-2EF50E7FC046}.Release|Any CPU.ActiveCfg = Release|Win32
		{7F906C15-8DCD-466E-9AF3-2EF50E7FC046}.Release|Win32.ActiveCfg = Release|Win32
		{7F906C15-8DCD-466E-9AF3-2EF50E7FC046}.Release|Win32.Build.0 = Release|Win32
		{7F906C15-8DCD-466E-9AF3-2EF50E7FC046}.Release|x64.ActiveCfg = Release|x64
		{7F906C15-8DCD-466E-9AF3-2EF50E7FC046}.Template|Any CPU.ActiveCfg = LegacyDebug|Win32
		{7F906C15-8DCD-466E-9AF3-2EF50E7FC046}.Template|Any CPU.Build.0 = LegacyDebug|Win32
		{7F906C15-8DCD-466E-9AF3-2EF50E7FC046}.Template|Win32.ActiveCfg = Release|Win32
		{7F906C15-8DCD-466E-9AF3-2EF50E7FC046}.Template|Win32.Build.0 = Release|Win32
		{7F906C15-8DCD-466E-9AF3-2EF50E7FC046}.Template|x64.ActiveCfg = Release|x64
		{7F906C15-8DCD-466E-9AF3-2EF50E7FC046}.Template|x64.Build.0 = Release|x64
		{DBF25A0C-5F5B-4060-AC5C-CDC50C4AA014}.Debug|Any CPU.ActiveCfg = Debug|x86
		{DBF25A0C-5F5B-4060-AC5C-CDC50C4AA014}.Debug|Win32.ActiveCfg = Debug|x86
		{DBF25A0C-5F5B-4060-AC5C-CDC50C4AA014}.Debug|x64.ActiveCfg = Debug|x86
		{DBF25A0C-5F5B-4060-AC5C-CDC50C4AA014}.Release|Any CPU.ActiveCfg = Release|x86
		{DBF25A0C-5F5B-4060-AC5C-CDC50C4AA014}.Release|Win32.ActiveCfg = Release|x86
		{DBF25A0C-5F5B-4060-AC5C-CDC50C4AA014}.Release|Win32.Build.0 = Release|x86
		{DBF25A0C-5F5B-4060-AC5C-CDC50C4AA014}.Release|x64.ActiveCfg = Release|x86
		{DBF25A0C-5F5B-4060-AC5C-CDC50C4AA014}.Template|Any CPU.ActiveCfg = Release|x86
		{DBF25A0C-5F5B-4060-AC5C-CDC50C4AA014}.Template|Any CPU.Build.0 = Release|x86
		{DBF25A0C-5F5B-4060-AC5C-CDC50C4AA014}.Template|Win32.ActiveCfg = Release|x86
		{DBF25A0C-5F5B-4060-AC5C-CDC50C4AA014}.Template|x64.ActiveCfg = Release|x86
		{DBF25A0C-5F5B-4060-AC5C-CDC50C4AA014}.Template|x64.Build.0 = Release|x86
		{69904B85-6945-4369-A2E3-79DD7319FB53}.Debug|Any CPU.ActiveCfg = Debug|x86
		{69904B85-6945-4369-A2E3-79DD7319FB53}.Debug|Win32.ActiveCfg = Debug|x86
		{69904B85-6945-4369-A2E3-79DD7319FB53}.Debug|x64.ActiveCfg = Debug|x86
		{69904B85-6945-4369-A2E3-79DD7319FB53}.Release|Any CPU.ActiveCfg = Release|x86
		{69904B85-6945-4369-A2E3-79DD7319FB53}.Release|Win32.ActiveCfg = Release|x86
		{69904B85-6945-4369-A2E3-79DD7319FB53}.Release|Win32.Build.0 = Release|x86
		{69904B85-6945-4369-A2E3-79DD7319FB53}.Release|x64.ActiveCfg = Release|x86
		{69904B85-6945-4369-A2E3-79DD7319FB53}.Template|Any CPU.ActiveCfg = Release|x86
		{69904B85-6945-4369-A2E3-79DD7319FB53}.Template|Any CPU.Build.0 = Release|x86
		{69904B85-6945-4369-A2E3-79DD7319FB53}.Template|Win32.ActiveCfg = Release|x86
		{69904B85-6945-4369-A2E3-79DD7319FB53}.Template|x64.ActiveCfg = Release|x86
		{69904B85-6945-4369-A2E3-79DD7319FB53}.Template|x64.Build.0 = Release|x86
		{406EA033-1918-4CE2-AE3D-1AC9B14CF111}.Debug|Any CPU.ActiveCfg = Debug|x86
		{406EA033-1918-4CE2-AE3D-1AC9B14CF111}.Debug|Win32.ActiveCfg = Debug|x86
		{406EA033-1918-4CE2-AE3D-1AC9B14CF111}.Debug|x64.ActiveCfg = Debug|x86
		{406EA033-1918-4CE2-AE3D-1AC9B14CF111}.Release|Any CPU.ActiveCfg = Release|x86
		{406EA033-1918-4CE2-AE3D-1AC9B14CF111}.Release|Win32.ActiveCfg = Release|x86
		{406EA033-1918-4CE2-AE3D-1AC9B14CF111}.Release|Win32.Build.0 = Release|x86
		{406EA033-1918-4CE2-AE3D-1AC9B14CF111}.Release|x64.ActiveCfg = Release|x86
		{406EA033-1918-4CE2-AE3D-1AC9B14CF111}.Template|Any CPU.ActiveCfg = Release|x86
		{406EA033-1918-4CE2-AE3D-1AC9B14CF111}.Template|Any CPU.Build.0 = Release|x86
		{406EA033-1918-4CE2-AE3D-1AC9B14CF111}.Template|Win32.ActiveCfg = Release|x86
		{406EA033-1918-4CE2-AE3D-1AC9B14CF111}.Template|x64.ActiveCfg = Release|x86
		{406EA033-1918-4CE2-AE3D-1AC9B14CF111}.Template|x64.Build.0 = Release|x86
		{6EAFDB48-2E2C-4874-9924-2D8B115FA1EF}.Debug|Any CPU.ActiveCfg = Debug|x86
		{6EAFDB48-2E2C-4874-9924-2D8B115FA1EF}.Debug|Win32.ActiveCfg = Debug|x86
		{6EAFDB48-2E2C-4874-9924-2D8B115FA1EF}.Debug|x64.ActiveCfg = Debug|x86
		{6EAFDB48-2E2C-4874-9924-2D8B115FA1EF}.Release|Any CPU.ActiveCfg = Release|x86
		{6EAFDB48-2E2C-4874-9924-2D8B115FA1EF}.Release|Win32.ActiveCfg = Release|x86
		{6EAFDB48-2E2C-4874-9924-2D8B115FA1EF}.Release|Win32.Build.0 = Release|x86
		{6EAFDB48-2E2C-4874-9924-2D8B115FA1EF}.Release|x64.ActiveCfg = Release|x86
		{6EAFDB48-2E2C-4874-9924-2D8B115FA1EF}.Template|Any CPU.ActiveCfg = Release|x86
		{6EAFDB48-2E2C-4874-9924-2D8B115FA1EF}.Template|Any CPU.Build.0 = Release|x86
		{6EAFDB48-2E2C-4874-9924-2D8B115FA1EF}.Template|Win32.ActiveCfg = Release|x86
		{6EAFDB48-2E2C-4874-9924-2D8B115FA1EF}.Template|x64.ActiveCfg = Release|x86
		{6EAFDB48-2E2C-4874-9924-2D8B115FA1EF}.Template|x64.Build.0 = Release|x86
		{D6A6243C-A7F4-4174-80C5-5EFD39C29D5E}.Debug|Any CPU.ActiveCfg = Debug|x86
		{D6A6243C-A7F4-4174-80C5-5EFD39C29D5E}.Debug|Win32.ActiveCfg = Debug|x86
		{D6A6243C-A7F4-4174-80C5-5EFD39C29D5E}.Debug|x64.ActiveCfg = Debug|x86
		{D6A6243C-A7F4-4174-80C5-5EFD39C29D5E}.Release|Any CPU.ActiveCfg = Release|x86
		{D6A6243C-A7F4-4174-80C5-5EFD39C29D5E}.Release|Win32.ActiveCfg = Release|x86
		{D6A6243C-A7F4-4174-80C5-5EFD39C29D5E}.Release|Win32.Build.0 = Release|x86
		{D6A6243C-A7F4-4174-80C5-5EFD39C29D5E}.Release|x64.ActiveCfg = Release|x86
		{D6A6243C-A7F4-4174-80C5-5EFD39C29D5E}.Template|Any CPU.ActiveCfg = Release|x86
		{D6A6243C-A7F4-4174-80C5-5EFD39C29D5E}.Template|Any CPU.Build.0 = Release|x86
		{D6A6243C-A7F4-4174-80C5-5EFD39C29D5E}.Template|Win32.ActiveCfg = Release|x86
		{D6A6243C-A7F4-4174-80C5-5EFD39C29D5E}.Template|x64.ActiveCfg = Release|x86
		{D6A6243C-A7F4-4174-80C5-5EFD39C29D5E}.Template|x64.Build.0 = Release|x86
		{34D26D24-57AF-4031-B5B6-5A8C9279AFCC}.Debug|Any CPU.ActiveCfg = Debug|x86
		{34D26D24-57AF-4031-B5B6-5A8C9279AFCC}.Debug|Win32.ActiveCfg = Debug|x86
		{34D26D24-57AF-4031-B5B6-5A8C9279AFCC}.Debug|x64.ActiveCfg = Debug|x86
		{34D26D24-57AF-4031-B5B6-5A8C9279AFCC}.Release|Any CPU.ActiveCfg = Release|x86
		{34D26D24-57AF-4031-B5B6-5A8C9279AFCC}.Release|Win32.ActiveCfg = Release|x86
		{34D26D24-57AF-4031-B5B6-5A8C9279AFCC}.Release|Win32.Build.0 = Release|x86
		{34D26D24-57AF-4031-B5B6-5A8C9279AFCC}.Release|x64.ActiveCfg = Release|x86
		{34D26D24-57AF-4031-B5B6-5A8C9279AFCC}.Template|Any CPU.ActiveCfg = Release|x86
		{34D26D24-57AF-4031-B5B6-5A8C9279AFCC}.Template|Any CPU.Build.0 = Release|x86
		{34D26D24-57AF-4031-B5B6-5A8C9279AFCC}.Template|Win32.ActiveCfg = Release|x86
		{34D26D24-57AF-4031-B5B6-5A8C9279AFCC}.Template|x64.ActiveCfg = Release|x86
		{34D26D24-57AF-4031-B5B6-5A8C9279AFCC}.Template|x64.Build.0 = Release|x86
		{AE5F8D43-08DE-4E3B-AE84-E89A01122B40}.Debug|Any CPU.ActiveCfg = Debug|x64
		{AE5F8D43-08DE-4E3B-AE84-E89A01122B40}.Debug|Win32.ActiveCfg = Debug|x64
		{AE5F8D43-08DE-4E3B-AE84-E89A01122B40}.Debug|x64.ActiveCfg = Debug|x64
		{AE5F8D43-08DE-4E3B-AE84-E89A01122B40}.Release|Any CPU.ActiveCfg = Release|x64
		{AE5F8D43-08DE-4E3B-AE84-E89A01122B40}.Release|Win32.ActiveCfg = Release|x64
		{AE5F8D43-08DE-4E3B-AE84-E89A01122B40}.Release|x64.ActiveCfg = Release|x64
		{AE5F8D43-08DE-4E3B-AE84-E89A01122B40}.Release|x64.Build.0 = Release|x64
		{AE5F8D43-08DE-4E3B-AE84-E89A01122B40}.Template|Any CPU.ActiveCfg = Release|x64
		{AE5F8D43-08DE-4E3B-AE84-E89A01122B40}.Template|Any CPU.Build.0 = Release|x64
		{AE5F8D43-08DE-4E3B-AE84-E89A01122B40}.Template|Win32.ActiveCfg = Release|x64
		{AE5F8D43-08DE-4E3B-AE84-E89A01122B40}.Template|Win32.Build.0 = Release|x64
		{AE5F8D43-08DE-4E3B-AE84-E89A01122B40}.Template|x64.ActiveCfg = Release|x64
		{AE5F8D43-08DE-4E3B-AE84-E89A01122B40}.Template|x64.Build.0 = Release|x64
		{CCBB5714-9635-4C54-AE1C-4D06441B9F3A}.Debug|Any CPU.ActiveCfg = Debug|x64
		{CCBB5714-9635-4C54-AE1C-4D06441B9F3A}.Debug|Win32.ActiveCfg = Debug|x64
		{CCBB5714-9635-4C54-AE1C-4D06441B9F3A}.Debug|x64.ActiveCfg = Debug|x64
		{CCBB5714-9635-4C54-AE1C-4D06441B9F3A}.Release|Any CPU.ActiveCfg = Release|x86
		{CCBB5714-9635-4C54-AE1C-4D06441B9F3A}.Release|Win32.ActiveCfg = Release|x64
		{CCBB5714-9635-4C54-AE1C-4D06441B9F3A}.Release|x64.ActiveCfg = Release|x64
		{CCBB5714-9635-4C54-AE1C-4D06441B9F3A}.Release|x64.Build.0 = Release|x64
		{CCBB5714-9635-4C54-AE1C-4D06441B9F3A}.Template|Any CPU.ActiveCfg = Release|x86
		{CCBB5714-9635-4C54-AE1C-4D06441B9F3A}.Template|Any CPU.Build.0 = Release|x86
		{CCBB5714-9635-4C54-AE1C-4D06441B9F3A}.Template|Win32.ActiveCfg = Release|x86
		{CCBB5714-9635-4C54-AE1C-4D06441B9F3A}.Template|Win32.Build.0 = Release|x86
		{CCBB5714-9635-4C54-AE1C-4D06441B9F3A}.Template|x64.ActiveCfg = Release|x86
		{CCBB5714-9635-4C54-AE1C-4D06441B9F3A}.Template|x64.Build.0 = Release|x86
		{25E133DF-507B-422A-91FD-4E36155ABF7A}.Debug|Any CPU.ActiveCfg = Debug|x64
		{25E133DF-507B-422A-91FD-4E36155ABF7A}.Debug|Win32.ActiveCfg = Debug|x64
		{25E133DF-507B-422A-91FD-4E36155ABF7A}.Debug|x64.ActiveCfg = Debug|x64
		{25E133DF-507B-422A-91FD-4E36155ABF7A}.Release|Any CPU.ActiveCfg = Release|x86
		{25E133DF-507B-422A-91FD-4E36155ABF7A}.Release|Win32.ActiveCfg = Release|x64
		{25E133DF-507B-422A-91FD-4E36155ABF7A}.Release|x64.ActiveCfg = Release|x64
		{25E133DF-507B-422A-91FD-4E36155ABF7A}.Release|x64.Build.0 = Release|x64
		{25E133DF-507B-422A-91FD-4E36155ABF7A}.Template|Any CPU.ActiveCfg = Release|x86
		{25E133DF-507B-422A-91FD-4E36155ABF7A}.Template|Any CPU.Build.0 = Release|x86
		{25E133DF-507B-422A-91FD-4E36155ABF7A}.Template|Win32.ActiveCfg = Release|x86
		{25E133DF-507B-422A-91FD-4E36155ABF7A}.Template|Win32.Build.0 = Release|x86
		{25E133DF-507B-422A-91FD-4E36155ABF7A}.Template|x64.ActiveCfg = Release|x86
		{25E133DF-507B-422A-91FD-4E36155ABF7A}.Template|x64.Build.0 = Release|x86
		{4BF6846B-4DB1-4C91-9435-43E1077BEEE4}.Debug|Any CPU.ActiveCfg = Debug|x64
		{4BF6846B-4DB1-4C91-9435-43E1077BEEE4}.Debug|Win32.ActiveCfg = Debug|x64
		{4BF6846B-4DB1-4C91-9435-43E1077BEEE4}.Debug|x64.ActiveCfg = Debug|x64
		{4BF6846B-4DB1-4C91-9435-43E1077BEEE4}.Release|Any CPU.ActiveCfg = Release|x86
		{4BF6846B-4DB1-4C91-9435-43E1077BEEE4}.Release|Win32.ActiveCfg = Release|x64
		{4BF6846B-4DB1-4C91-9435-43E1077BEEE4}.Release|x64.ActiveCfg = Release|x64
		{4BF6846B-4DB1-4C91-9435-43E1077BEEE4}.Release|x64.Build.0 = Release|x64
		{4BF6846B-4DB1-4C91-9435-43E1077BEEE4}.Template|Any CPU.ActiveCfg = Release|x86
		{4BF6846B-4DB1-4C91-9435-43E1077BEEE4}.Template|Any CPU.Build.0 = Release|x86
		{4BF6846B-4DB1-4C91-9435-43E1077BEEE4}.Template|Win32.ActiveCfg = Release|x86
		{4BF6846B-4DB1-4C91-9435-43E1077BEEE4}.Template|Win32.Build.0 = Release|x86
		{4BF6846B-4DB1-4C91-9435-43E1077BEEE4}.Template|x64.ActiveCfg = Release|x86
		{4BF6846B-4DB1-4C91-9435-43E1077BEEE4}.Template|x64.Build.0 = Release|x86
		{8C8AF4F6-2E50-4195-BDBE-499CE90E52CA}.Debug|Any CPU.ActiveCfg = Debug|x64
		{8C8AF4F6-2E50-4195-BDBE-499CE90E52CA}.Debug|Win32.ActiveCfg = Debug|x64
		{8C8AF4F6-2E50-4195-BDBE-499CE90E52CA}.Debug|x64.ActiveCfg = Debug|x64
		{8C8AF4F6-2E50-4195-BDBE-499CE90E52CA}.Release|Any CPU.ActiveCfg = Release|x64
		{8C8AF4F6-2E50-4195-BDBE-499CE90E52CA}.Release|Win32.ActiveCfg = Release|x64
		{8C8AF4F6-2E50-4195-BDBE-499CE90E52CA}.Release|x64.ActiveCfg = Release|x64
		{8C8AF4F6-2E50-4195-BDBE-499CE90E52CA}.Release|x64.Build.0 = Release|x64
		{8C8AF4F6-2E50-4195-BDBE-499CE90E52CA}.Template|Any CPU.ActiveCfg = Release|x64
		{8C8AF4F6-2E50-4195-BDBE-499CE90E52CA}.Template|Any CPU.Build.0 = Release|x64
		{8C8AF4F6-2E50-4195-BDBE-499CE90E52CA}.Template|Win32.ActiveCfg = Release|x64
		{8C8AF4F6-2E50-4195-BDBE-499CE90E52CA}.Template|Win32.Build.0 = Release|x64
		{8C8AF4F6-2E50-4195-BDBE-499CE90E52CA}.Template|x64.ActiveCfg = Release|x64
		{8C8AF4F6-2E50-4195-BDBE-499CE90E52CA}.Template|x64.Build.0 = Release|x64
		{F7483CF4-5AB5-4E62-B87E-A6A88EC228DC}.Debug|Any CPU.ActiveCfg = Debug|x86
		{F7483CF4-5AB5-4E62-B87E-A6A88EC228DC}.Debug|Win32.ActiveCfg = Debug|x86
		{F7483CF4-5AB5-4E62-B87E-A6A88EC228DC}.Debug|x64.ActiveCfg = Debug|x86
		{F7483CF4-5AB5-4E62-B87E-A6A88EC228DC}.Release|Any CPU.ActiveCfg = Release|x86
		{F7483CF4-5AB5-4E62-B87E-A6A88EC228DC}.Release|Win32.ActiveCfg = Release|x86
		{F7483CF4-5AB5-4E62-B87E-A6A88EC228DC}.Release|Win32.Build.0 = Release|x86
		{F7483CF4-5AB5-4E62-B87E-A6A88EC228DC}.Release|x64.ActiveCfg = Release|x86
		{F7483CF4-5AB5-4E62-B87E-A6A88EC228DC}.Template|Any CPU.ActiveCfg = Release|x86
		{F7483CF4-5AB5-4E62-B87E-A6A88EC228DC}.Template|Any CPU.Build.0 = Release|x86
		{F7483CF4-5AB5-4E62-B87E-A6A88EC228DC}.Template|Win32.ActiveCfg = Debug|x86
		{F7483CF4-5AB5-4E62-B87E-A6A88EC228DC}.Template|Win32.Build.0 = Debug|x86
		{F7483CF4-5AB5-4E62-B87E-A6A88EC228DC}.Template|x64.ActiveCfg = Debug|x86
		{F7483CF4-5AB5-4E62-B87E-A6A88EC228DC}.Template|x64.Build.0 = Debug|x86
		{4E1ABD85-FEC5-4A11-944B-6C2DA3618CFF}.Debug|Any CPU.ActiveCfg = Debug|x64
		{4E1ABD85-FEC5-4A11-944B-6C2DA3618CFF}.Debug|Win32.ActiveCfg = Debug|x64
		{4E1ABD85-FEC5-4A11-944B-6C2DA3618CFF}.Debug|x64.ActiveCfg = Debug|x64
		{4E1ABD85-FEC5-4A11-944B-6C2DA3618CFF}.Release|Any CPU.ActiveCfg = Release|x64
		{4E1ABD85-FEC5-4A11-944B-6C2DA3618CFF}.Release|Win32.ActiveCfg = Release|x64
		{4E1ABD85-FEC5-4A11-944B-6C2DA3618CFF}.Release|x64.ActiveCfg = Release|x64
		{4E1ABD85-FEC5-4A11-944B-6C2DA3618CFF}.Release|x64.Build.0 = Release|x64
		{4E1ABD85-FEC5-4A11-944B-6C2DA3618CFF}.Template|Any CPU.ActiveCfg = Release|x64
		{4E1ABD85-FEC5-4A11-944B-6C2DA3618CFF}.Template|Any CPU.Build.0 = Release|x64
		{4E1ABD85-FEC5-4A11-944B-6C2DA3618CFF}.Template|Win32.ActiveCfg = Debug|x64
		{4E1ABD85-FEC5-4A11-944B-6C2DA3618CFF}.Template|Win32.Build.0 = Debug|x64
		{4E1ABD85-FEC5-4A11-944B-6C2DA3618CFF}.Template|x64.ActiveCfg = Debug|x64
		{4E1ABD85-FEC5-4A11-944B-6C2DA3618CFF}.Template|x64.Build.0 = Debug|x64
		{2FADFE38-0429-489F-B910-8A5EC9AB5717}.Debug|Any CPU.ActiveCfg = Debug|Win32
		{2FADFE38-0429-489F-B910-8A5EC9AB5717}.Debug|Win32.ActiveCfg = Debug|Win32
		{2FADFE38-0429-489F-B910-8A5EC9AB5717}.Debug|Win32.Build.0 = Debug|Win32
		{2FADFE38-0429-489F-B910-8A5EC9AB5717}.Debug|x64.ActiveCfg = Debug|x64
		{2FADFE38-0429-489F-B910-8A5EC9AB5717}.Debug|x64.Build.0 = Debug|x64
		{2FADFE38-0429-489F-B910-8A5EC9AB5717}.Release|Any CPU.ActiveCfg = Release|Win32
		{2FADFE38-0429-489F-B910-8A5EC9AB5717}.Release|Win32.ActiveCfg = Release|Win32
		{2FADFE38-0429-489F-B910-8A5EC9AB5717}.Release|Win32.Build.0 = Release|Win32
		{2FADFE38-0429-489F-B910-8A5EC9AB5717}.Release|x64.ActiveCfg = Release|x64
		{2FADFE38-0429-489F-B910-8A5EC9AB5717}.Release|x64.Build.0 = Release|x64
		{2FADFE38-0429-489F-B910-8A5EC9AB5717}.Template|Any CPU.ActiveCfg = Release|x64
		{2FADFE38-0429-489F-B910-8A5EC9AB5717}.Template|Any CPU.Build.0 = Release|x64
		{2FADFE38-0429-489F-B910-8A5EC9AB5717}.Template|Win32.ActiveCfg = Debug|Win32
		{2FADFE38-0429-489F-B910-8A5EC9AB5717}.Template|Win32.Build.0 = Debug|Win32
		{2FADFE38-0429-489F-B910-8A5EC9AB5717}.Template|x64.ActiveCfg = Debug|x64
		{2FADFE38-0429-489F-B910-8A5EC9AB5717}.Template|x64.Build.0 = Debug|x64
		{F590396D-0C09-44E1-A0AA-E093924BF679}.Debug|Any CPU.ActiveCfg = Debug|x86
		{F590396D-0C09-44E1-A0AA-E093924BF679}.Debug|Win32.ActiveCfg = Debug|x86
		{F590396D-0C09-44E1-A0AA-E093924BF679}.Debug|x64.ActiveCfg = Debug|x86
		{F590396D-0C09-44E1-A0AA-E093924BF679}.Release|Any CPU.ActiveCfg = Release|x86
		{F590396D-0C09-44E1-A0AA-E093924BF679}.Release|Win32.ActiveCfg = Release|x86
		{F590396D-0C09-44E1-A0AA-E093924BF679}.Release|Win32.Build.0 = Release|x86
		{F590396D-0C09-44E1-A0AA-E093924BF679}.Release|x64.ActiveCfg = Release|x86
		{F590396D-0C09-44E1-A0AA-E093924BF679}.Template|Any CPU.ActiveCfg = Release|x86
		{F590396D-0C09-44E1-A0AA-E093924BF679}.Template|Any CPU.Build.0 = Release|x86
		{F590396D-0C09-44E1-A0AA-E093924BF679}.Template|Win32.ActiveCfg = Debug|x86
		{F590396D-0C09-44E1-A0AA-E093924BF679}.Template|Win32.Build.0 = Debug|x86
		{F590396D-0C09-44E1-A0AA-E093924BF679}.Template|x64.ActiveCfg = Debug|x86
		{F590396D-0C09-44E1-A0AA-E093924BF679}.Template|x64.Build.0 = Debug|x86
		{4684B87B-462C-4C30-909F-A0D792245207}.Debug|Any CPU.ActiveCfg = Debug|x64
		{4684B87B-462C-4C30-909F-A0D792245207}.Debug|Win32.ActiveCfg = Debug|x64
		{4684B87B-462C-4C30-909F-A0D792245207}.Debug|x64.ActiveCfg = Debug|x64
		{4684B87B-462C-4C30-909F-A0D792245207}.Release|Any CPU.ActiveCfg = Release|x64
		{4684B87B-462C-4C30-909F-A0D792245207}.Release|Win32.ActiveCfg = Release|x64
		{4684B87B-462C-4C30-909F-A0D792245207}.Release|x64.ActiveCfg = Release|x64
		{4684B87B-462C-4C30-909F-A0D792245207}.Release|x64.Build.0 = Release|x64
		{4684B87B-462C-4C30-909F-A0D792245207}.Template|Any CPU.ActiveCfg = Release|x64
		{4684B87B-462C-4C30-909F-A0D792245207}.Template|Any CPU.Build.0 = Release|x64
		{4684B87B-462C-4C30-909F-A0D792245207}.Template|Win32.ActiveCfg = Debug|x64
		{4684B87B-462C-4C30-909F-A0D792245207}.Template|Win32.Build.0 = Debug|x64
		{4684B87B-462C-4C30-909F-A0D792245207}.Template|x64.ActiveCfg = Debug|x64
		{4684B87B-462C-4C30-909F-A0D792245207}.Template|x64.Build.0 = Debug|x64
		{05A68C57-DC5D-4B49-AB0F-0AEC64A49716}.Debug|Any CPU.ActiveCfg = Debug|x86
		{05A68C57-DC5D-4B49-AB0F-0AEC64A49716}.Debug|Win32.ActiveCfg = Debug|x86
		{05A68C57-DC5D-4B49-AB0F-0AEC64A49716}.Debug|Win32.Build.0 = Debug|x86
		{05A68C57-DC5D-4B49-AB0F-0AEC64A49716}.Debug|x64.ActiveCfg = Debug|x64
		{05A68C57-DC5D-4B49-AB0F-0AEC64A49716}.Debug|x64.Build.0 = Debug|x64
		{05A68C57-DC5D-4B49-AB0F-0AEC64A49716}.Release|Any CPU.ActiveCfg = Release|x86
		{05A68C57-DC5D-4B49-AB0F-0AEC64A49716}.Release|Win32.ActiveCfg = Release|x86
		{05A68C57-DC5D-4B49-AB0F-0AEC64A49716}.Release|x64.ActiveCfg = Release|x64
		{05A68C57-DC5D-4B49-AB0F-0AEC64A49716}.Template|Any CPU.ActiveCfg = Release|x64
		{05A68C57-DC5D-4B49-AB0F-0AEC64A49716}.Template|Any CPU.Build.0 = Release|x64
		{05A68C57-DC5D-4B49-AB0F-0AEC64A49716}.Template|Win32.ActiveCfg = Debug|x86
		{05A68C57-DC5D-4B49-AB0F-0AEC64A49716}.Template|x64.ActiveCfg = Debug|x64
		{E4DE895C-B714-4FA7-B9DE-20EB2E4D78FD}.Debug|Any CPU.ActiveCfg = Debug|x86
		{E4DE895C-B714-4FA7-B9DE-20EB2E4D78FD}.Debug|Win32.ActiveCfg = Debug|x86
		{E4DE895C-B714-4FA7-B9DE-20EB2E4D78FD}.Debug|x64.ActiveCfg = Debug|x86
		{E4DE895C-B714-4FA7-B9DE-20EB2E4D78FD}.Release|Any CPU.ActiveCfg = Release|x86
		{E4DE895C-B714-4FA7-B9DE-20EB2E4D78FD}.Release|Win32.ActiveCfg = Release|x86
		{E4DE895C-B714-4FA7-B9DE-20EB2E4D78FD}.Release|Win32.Build.0 = Release|x86
		{E4DE895C-B714-4FA7-B9DE-20EB2E4D78FD}.Release|x64.ActiveCfg = Release|x86
		{E4DE895C-B714-4FA7-B9DE-20EB2E4D78FD}.Template|Any CPU.ActiveCfg = Release|x86
		{E4DE895C-B714-4FA7-B9DE-20EB2E4D78FD}.Template|Any CPU.Build.0 = Release|x86
		{E4DE895C-B714-4FA7-B9DE-20EB2E4D78FD}.Template|Win32.ActiveCfg = Debug|x86
		{E4DE895C-B714-4FA7-B9DE-20EB2E4D78FD}.Template|Win32.Build.0 = Debug|x86
		{E4DE895C-B714-4FA7-B9DE-20EB2E4D78FD}.Template|x64.ActiveCfg = Debug|x86
		{E4DE895C-B714-4FA7-B9DE-20EB2E4D78FD}.Template|x64.Build.0 = Debug|x86
		{823FD7A4-C5F9-4600-A9B8-49EF274BF5B8}.Debug|Any CPU.ActiveCfg = Debug|x86
		{823FD7A4-C5F9-4600-A9B8-49EF274BF5B8}.Debug|Win32.ActiveCfg = Debug|x86
		{823FD7A4-C5F9-4600-A9B8-49EF274BF5B8}.Debug|x64.ActiveCfg = Debug|x86
		{823FD7A4-C5F9-4600-A9B8-49EF274BF5B8}.Release|Any CPU.ActiveCfg = Release|x86
		{823FD7A4-C5F9-4600-A9B8-49EF274BF5B8}.Release|Win32.ActiveCfg = Release|x86
		{823FD7A4-C5F9-4600-A9B8-49EF274BF5B8}.Release|x64.ActiveCfg = Release|x64
		{823FD7A4-C5F9-4600-A9B8-49EF274BF5B8}.Release|x64.Build.0 = Release|x64
		{823FD7A4-C5F9-4600-A9B8-49EF274BF5B8}.Template|Any CPU.ActiveCfg = Debug|x64
		{823FD7A4-C5F9-4600-A9B8-49EF274BF5B8}.Template|Any CPU.Build.0 = Debug|x64
		{823FD7A4-C5F9-4600-A9B8-49EF274BF5B8}.Template|Win32.ActiveCfg = Debug|x86
		{823FD7A4-C5F9-4600-A9B8-49EF274BF5B8}.Template|Win32.Build.0 = Debug|x86
		{823FD7A4-C5F9-4600-A9B8-49EF274BF5B8}.Template|x64.ActiveCfg = Debug|x86
		{823FD7A4-C5F9-4600-A9B8-49EF274BF5B8}.Template|x64.Build.0 = Debug|x86
		{C4D0AA5B-F319-4E06-A982-A52E79EB57DC}.Debug|Any CPU.ActiveCfg = Debug|x86
		{C4D0AA5B-F319-4E06-A982-A52E79EB57DC}.Debug|Win32.ActiveCfg = Debug|x86
		{C4D0AA5B-F319-4E06-A982-A52E79EB57DC}.Debug|Win32.Build.0 = Debug|x86
		{C4D0AA5B-F319-4E06-A982-A52E79EB57DC}.Debug|x64.ActiveCfg = Debug|x64
		{C4D0AA5B-F319-4E06-A982-A52E79EB57DC}.Debug|x64.Build.0 = Debug|x64
		{C4D0AA5B-F319-4E06-A982-A52E79EB57DC}.Release|Any CPU.ActiveCfg = Release|x86
		{C4D0AA5B-F319-4E06-A982-A52E79EB57DC}.Release|Win32.ActiveCfg = Release|x86
		{C4D0AA5B-F319-4E06-A982-A52E79EB57DC}.Release|Win32.Build.0 = Release|x86
		{C4D0AA5B-F319-4E06-A982-A52E79EB57DC}.Release|x64.ActiveCfg = Release|x64
		{C4D0AA5B-F319-4E06-A982-A52E79EB57DC}.Release|x64.Build.0 = Release|x64
		{C4D0AA5B-F319-4E06-A982-A52E79EB57DC}.Template|Any CPU.ActiveCfg = Release|x64
		{C4D0AA5B-F319-4E06-A982-A52E79EB57DC}.Template|Any CPU.Build.0 = Release|x64
		{C4D0AA5B-F319-4E06-A982-A52E79EB57DC}.Template|Win32.ActiveCfg = Debug|x64
		{C4D0AA5B-F319-4E06-A982-A52E79EB57DC}.Template|x64.ActiveCfg = Debug|x64
		{9FAB4338-F089-4279-A5DF-AF5FC0368783}.Debug|Any CPU.ActiveCfg = Debug|x86
		{9FAB4338-F089-4279-A5DF-AF5FC0368783}.Debug|Win32.ActiveCfg = Debug|x86
		{9FAB4338-F089-4279-A5DF-AF5FC0368783}.Debug|x64.ActiveCfg = Debug|x86
		{9FAB4338-F089-4279-A5DF-AF5FC0368783}.Release|Any CPU.ActiveCfg = Release|x86
		{9FAB4338-F089-4279-A5DF-AF5FC0368783}.Release|Win32.ActiveCfg = Release|x86
		{9FAB4338-F089-4279-A5DF-AF5FC0368783}.Release|Win32.Build.0 = Release|x86
		{9FAB4338-F089-4279-A5DF-AF5FC0368783}.Release|x64.ActiveCfg = Release|x86
		{9FAB4338-F089-4279-A5DF-AF5FC0368783}.Template|Any CPU.ActiveCfg = Release|x86
		{9FAB4338-F089-4279-A5DF-AF5FC0368783}.Template|Any CPU.Build.0 = Release|x86
		{9FAB4338-F089-4279-A5DF-AF5FC0368783}.Template|Win32.ActiveCfg = Debug|x86
		{9FAB4338-F089-4279-A5DF-AF5FC0368783}.Template|Win32.Build.0 = Debug|x86
		{9FAB4338-F089-4279-A5DF-AF5FC0368783}.Template|x64.ActiveCfg = Debug|x86
		{9FAB4338-F089-4279-A5DF-AF5FC0368783}.Template|x64.Build.0 = Debug|x86
		{9628E44E-C407-4EA3-95AF-C7E4310EB9D3}.Debug|Any CPU.ActiveCfg = Debug|x64
		{9628E44E-C407-4EA3-95AF-C7E4310EB9D3}.Debug|Win32.ActiveCfg = Debug|x64
		{9628E44E-C407-4EA3-95AF-C7E4310EB9D3}.Debug|x64.ActiveCfg = Debug|x64
		{9628E44E-C407-4EA3-95AF-C7E4310EB9D3}.Release|Any CPU.ActiveCfg = Release|x64
		{9628E44E-C407-4EA3-95AF-C7E4310EB9D3}.Release|Win32.ActiveCfg = Release|x64
		{9628E44E-C407-4EA3-95AF-C7E4310EB9D3}.Release|x64.ActiveCfg = Release|x64
		{9628E44E-C407-4EA3-95AF-C7E4310EB9D3}.Release|x64.Build.0 = Release|x64
		{9628E44E-C407-4EA3-95AF-C7E4310EB9D3}.Template|Any CPU.ActiveCfg = Release|x64
		{9628E44E-C407-4EA3-95AF-C7E4310EB9D3}.Template|Any CPU.Build.0 = Release|x64
		{9628E44E-C407-4EA3-95AF-C7E4310EB9D3}.Template|Win32.ActiveCfg = Debug|x64
		{9628E44E-C407-4EA3-95AF-C7E4310EB9D3}.Template|Win32.Build.0 = Debug|x64
		{9628E44E-C407-4EA3-95AF-C7E4310EB9D3}.Template|x64.ActiveCfg = Debug|x64
		{9628E44E-C407-4EA3-95AF-C7E4310EB9D3}.Template|x64.Build.0 = Debug|x64
		{3E74CE98-6558-4AF0-BB0C-C7E436208B1B}.Debug|Any CPU.ActiveCfg = Debug|Any CPU
		{3E74CE98-6558-4AF0-BB0C-C7E436208B1B}.Debug|Any CPU.Build.0 = Debug|Any CPU
		{3E74CE98-6558-4AF0-BB0C-C7E436208B1B}.Debug|Win32.ActiveCfg = Debug|x86
		{3E74CE98-6558-4AF0-BB0C-C7E436208B1B}.Debug|Win32.Build.0 = Debug|x86
		{3E74CE98-6558-4AF0-BB0C-C7E436208B1B}.Debug|x64.ActiveCfg = Debug|x64
		{3E74CE98-6558-4AF0-BB0C-C7E436208B1B}.Debug|x64.Build.0 = Debug|x64
		{3E74CE98-6558-4AF0-BB0C-C7E436208B1B}.Release|Any CPU.ActiveCfg = Release|Any CPU
		{3E74CE98-6558-4AF0-BB0C-C7E436208B1B}.Release|Any CPU.Build.0 = Release|Any CPU
		{3E74CE98-6558-4AF0-BB0C-C7E436208B1B}.Release|Win32.ActiveCfg = Release|x86
		{3E74CE98-6558-4AF0-BB0C-C7E436208B1B}.Release|Win32.Build.0 = Release|x86
		{3E74CE98-6558-4AF0-BB0C-C7E436208B1B}.Release|x64.ActiveCfg = Release|x64
		{3E74CE98-6558-4AF0-BB0C-C7E436208B1B}.Release|x64.Build.0 = Release|x64
		{3E74CE98-6558-4AF0-BB0C-C7E436208B1B}.Template|Any CPU.ActiveCfg = Debug|Any CPU
		{3E74CE98-6558-4AF0-BB0C-C7E436208B1B}.Template|Any CPU.Build.0 = Debug|Any CPU
		{3E74CE98-6558-4AF0-BB0C-C7E436208B1B}.Template|Win32.ActiveCfg = Debug|x86
		{3E74CE98-6558-4AF0-BB0C-C7E436208B1B}.Template|Win32.Build.0 = Debug|x86
		{3E74CE98-6558-4AF0-BB0C-C7E436208B1B}.Template|x64.ActiveCfg = Debug|x64
		{3E74CE98-6558-4AF0-BB0C-C7E436208B1B}.Template|x64.Build.0 = Debug|x64
	EndGlobalSection
	GlobalSection(SolutionProperties) = preSolution
		HideSolutionNode = FALSE
	EndGlobalSection
	GlobalSection(NestedProjects) = preSolution
		{088E2974-9588-4EDA-AF7F-869A10DF402A} = {652EFEB5-5F0A-4578-A518-D77FEDB0A53C}
		{DBF25A0C-5F5B-4060-AC5C-CDC50C4AA014} = {D3355CC9-A400-49B7-ADCE-F623A816D1B5}
		{69904B85-6945-4369-A2E3-79DD7319FB53} = {D3355CC9-A400-49B7-ADCE-F623A816D1B5}
		{406EA033-1918-4CE2-AE3D-1AC9B14CF111} = {D3355CC9-A400-49B7-ADCE-F623A816D1B5}
		{6EAFDB48-2E2C-4874-9924-2D8B115FA1EF} = {D3355CC9-A400-49B7-ADCE-F623A816D1B5}
		{D6A6243C-A7F4-4174-80C5-5EFD39C29D5E} = {D3355CC9-A400-49B7-ADCE-F623A816D1B5}
		{34D26D24-57AF-4031-B5B6-5A8C9279AFCC} = {D3355CC9-A400-49B7-ADCE-F623A816D1B5}
		{AE5F8D43-08DE-4E3B-AE84-E89A01122B40} = {D3355CC9-A400-49B7-ADCE-F623A816D1B5}
		{CCBB5714-9635-4C54-AE1C-4D06441B9F3A} = {D3355CC9-A400-49B7-ADCE-F623A816D1B5}
		{25E133DF-507B-422A-91FD-4E36155ABF7A} = {D3355CC9-A400-49B7-ADCE-F623A816D1B5}
		{4BF6846B-4DB1-4C91-9435-43E1077BEEE4} = {D3355CC9-A400-49B7-ADCE-F623A816D1B5}
		{8C8AF4F6-2E50-4195-BDBE-499CE90E52CA} = {D3355CC9-A400-49B7-ADCE-F623A816D1B5}
		{F7483CF4-5AB5-4E62-B87E-A6A88EC228DC} = {D3355CC9-A400-49B7-ADCE-F623A816D1B5}
		{4E1ABD85-FEC5-4A11-944B-6C2DA3618CFF} = {D3355CC9-A400-49B7-ADCE-F623A816D1B5}
		{F590396D-0C09-44E1-A0AA-E093924BF679} = {D3355CC9-A400-49B7-ADCE-F623A816D1B5}
		{4684B87B-462C-4C30-909F-A0D792245207} = {D3355CC9-A400-49B7-ADCE-F623A816D1B5}
		{E4DE895C-B714-4FA7-B9DE-20EB2E4D78FD} = {D3355CC9-A400-49B7-ADCE-F623A816D1B5}
		{823FD7A4-C5F9-4600-A9B8-49EF274BF5B8} = {D3355CC9-A400-49B7-ADCE-F623A816D1B5}
		{8EDB013E-D5A6-4150-B0D4-D1B7B8460D46} = {AE15D9B7-3CAA-44E7-8CB8-8943DF1AA069}
		{9FAB4338-F089-4279-A5DF-AF5FC0368783} = {D3355CC9-A400-49B7-ADCE-F623A816D1B5}
		{9628E44E-C407-4EA3-95AF-C7E4310EB9D3} = {D3355CC9-A400-49B7-ADCE-F623A816D1B5}
	EndGlobalSection
	GlobalSection(ExtensibilityGlobals) = postSolution
		SolutionGuid = {6FE31029-BBCA-40A0-81A4-79C05FE08285}
	EndGlobalSection
EndGlobal
