
Microsoft Visual Studio Solution File, Format Version 10.00
# Visual Studio 2008
Project("{FAE04EC0-301F-11D3-BF4B-00C04F79EFBC}") = "ECInterfaces", "src\ECInterfaces\ECInterfaces.csproj", "{2935E02F-43ED-4670-9A00-A91B0AD3D66C}"
EndProject
Project("{FAE04EC0-301F-11D3-BF4B-00C04F79EFBC}") = "EncCnvtrs", "src\EncCnvtrs\EncCnvtrs.csproj", "{3E4B908A-4F96-43C5-981B-1AA4B73CCC26}"
	ProjectSection(ProjectDependencies) = postProject
		{2935E02F-43ED-4670-9A00-A91B0AD3D66C} = {2935E02F-43ED-4670-9A00-A91B0AD3D66C}
	EndProjectSection
EndProject
Project("{FAE04EC0-301F-11D3-BF4B-00C04F79EFBC}") = "ECFileConverter", "src\ECFileConverter\ECFileConverter.csproj", "{1E45DBF2-3629-4413-AC1F-61E6AA33B9B6}"
	ProjectSection(ProjectDependencies) = postProject
		{2935E02F-43ED-4670-9A00-A91B0AD3D66C} = {2935E02F-43ED-4670-9A00-A91B0AD3D66C}
		{3E4B908A-4F96-43C5-981B-1AA4B73CCC26} = {3E4B908A-4F96-43C5-981B-1AA4B73CCC26}
	EndProjectSection
EndProject
Project("{FAE04EC0-301F-11D3-BF4B-00C04F79EFBC}") = "AIGuesserEC", "src\AIGuesserEC\AIGuesserEC.csproj", "{B718B5F3-A49A-454C-84FD-6D6F59EC7410}"
	ProjectSection(ProjectDependencies) = postProject
		{2935E02F-43ED-4670-9A00-A91B0AD3D66C} = {2935E02F-43ED-4670-9A00-A91B0AD3D66C}
		{3E4B908A-4F96-43C5-981B-1AA4B73CCC26} = {3E4B908A-4F96-43C5-981B-1AA4B73CCC26}
	EndProjectSection
EndProject
Project("{FAE04EC0-301F-11D3-BF4B-00C04F79EFBC}") = "DriveAiEncConverter", "src\DriveAiEncConverter\DriveAiEncConverter.csproj", "{088E2974-9588-4EDA-AF7F-869A10DF402A}"
	ProjectSection(ProjectDependencies) = postProject
		{2935E02F-43ED-4670-9A00-A91B0AD3D66C} = {2935E02F-43ED-4670-9A00-A91B0AD3D66C}
		{3E4B908A-4F96-43C5-981B-1AA4B73CCC26} = {3E4B908A-4F96-43C5-981B-1AA4B73CCC26}
		{B718B5F3-A49A-454C-84FD-6D6F59EC7410} = {B718B5F3-A49A-454C-84FD-6D6F59EC7410}
	EndProjectSection
EndProject
Project("{FAE04EC0-301F-11D3-BF4B-00C04F79EFBC}") = "SilIndicEncConverters", "src\SilIndicEncConverters\SilIndicEncConverters.csproj", "{DC0A7A02-87B7-4619-B45F-D5A3ECB599A9}"
	ProjectSection(ProjectDependencies) = postProject
		{2935E02F-43ED-4670-9A00-A91B0AD3D66C} = {2935E02F-43ED-4670-9A00-A91B0AD3D66C}
		{3E4B908A-4F96-43C5-981B-1AA4B73CCC26} = {3E4B908A-4F96-43C5-981B-1AA4B73CCC26}
	EndProjectSection
EndProject
Project("{8BC9CEB8-8B4A-11D0-8D11-00A0C91BC942}") = "ECDriver", "src\ECDriver\windows\ECDriver.vcproj", "{1AE110F1-E97B-4D14-9F3A-8AF01344E3B9}"
EndProject
Project("{8BC9CEB8-8B4A-11D0-8D11-00A0C91BC942}") = "IcuConvEC", "src\IcuEC\IcuConvEC.vcproj", "{B6F84043-658E-4732-AFCA-BBE07FF465CB}"
EndProject
Project("{8BC9CEB8-8B4A-11D0-8D11-00A0C91BC942}") = "IcuRegexEC", "src\IcuEC\IcuRegexEC.vcproj", "{F77C7224-DF82-4ADF-A761-773D21B58EF4}"
EndProject
Project("{8BC9CEB8-8B4A-11D0-8D11-00A0C91BC942}") = "IcuTranslitEC", "src\IcuEC\IcuTranslitEC.vcproj", "{1D0DA000-6192-4B57-A377-7A0A5AB1A121}"
EndProject
Project("{FAE04EC0-301F-11D3-BF4B-00C04F79EFBC}") = "IcuEC", "src\IcuEC\IcuEC.csproj", "{D1BAE593-A552-4F1A-8B08-5A1C27875C2F}"
EndProject
Project("{8BC9CEB8-8B4A-11D0-8D11-00A0C91BC942}") = "PyScriptEncConverter", "src\PyScriptEC\PyScriptEncConverter.vcproj", "{C5808AC0-A52F-4D77-9903-AE6709712B62}"
EndProject
Project("{FAE04EC0-301F-11D3-BF4B-00C04F79EFBC}") = "PyScriptEC", "src\PyScriptEC\PyScriptEC.csproj", "{0DFDDA0B-9EBF-4238-8A2B-D4C2B4F745D7}"
EndProject
Project("{FAE04EC0-301F-11D3-BF4B-00C04F79EFBC}") = "CodePageEC", "src\CodePageEC\windows\CodePageEC.csproj", "{48A1EC6E-A358-4E7F-AE68-3D62327FDBEA}"
EndProject
Project("{FAE04EC0-301F-11D3-BF4B-00C04F79EFBC}") = "PerlExpressionEC", "src\PerlExpressionEC\PerlExpressionEC.csproj", "{4704F67B-246D-483C-B840-231F42D7A12B}"
EndProject
Project("{FAE04EC0-301F-11D3-BF4B-00C04F79EFBC}") = "CcEC", "src\CcEC\CcEC.csproj", "{2E70A627-605F-4625-8637-A7109DB8B35C}"
EndProject
Project("{FAE04EC0-301F-11D3-BF4B-00C04F79EFBC}") = "TestEncCnvtrs", "src\TestEncCnvtrs\TestEncCnvtrs.csproj", "{E13305E0-0AC9-4181-A9AD-3B9B0A479087}"
EndProject
Global
	GlobalSection(SolutionConfigurationPlatforms) = preSolution
		Debug|Any CPU = Debug|Any CPU
		Debug|Mixed Platforms = Debug|Mixed Platforms
		Debug|Win32 = Debug|Win32
		Debug|x86 = Debug|x86
		Release|Any CPU = Release|Any CPU
		Release|Mixed Platforms = Release|Mixed Platforms
		Release|Win32 = Release|Win32
		Release|x86 = Release|x86
	EndGlobalSection
	GlobalSection(ProjectConfigurationPlatforms) = postSolution
		{2935E02F-43ED-4670-9A00-A91B0AD3D66C}.Debug|Any CPU.ActiveCfg = Debug|x86
		{2935E02F-43ED-4670-9A00-A91B0AD3D66C}.Debug|Mixed Platforms.ActiveCfg = Debug|x86
		{2935E02F-43ED-4670-9A00-A91B0AD3D66C}.Debug|Mixed Platforms.Build.0 = Debug|x86
		{2935E02F-43ED-4670-9A00-A91B0AD3D66C}.Debug|Win32.ActiveCfg = Debug|x86
		{2935E02F-43ED-4670-9A00-A91B0AD3D66C}.Debug|x86.ActiveCfg = Debug|x86
		{2935E02F-43ED-4670-9A00-A91B0AD3D66C}.Debug|x86.Build.0 = Debug|x86
		{2935E02F-43ED-4670-9A00-A91B0AD3D66C}.Release|Any CPU.ActiveCfg = Release|x86
		{2935E02F-43ED-4670-9A00-A91B0AD3D66C}.Release|Mixed Platforms.ActiveCfg = Release|x86
		{2935E02F-43ED-4670-9A00-A91B0AD3D66C}.Release|Mixed Platforms.Build.0 = Release|x86
		{2935E02F-43ED-4670-9A00-A91B0AD3D66C}.Release|Win32.ActiveCfg = Release|x86
		{2935E02F-43ED-4670-9A00-A91B0AD3D66C}.Release|x86.ActiveCfg = Release|x86
		{2935E02F-43ED-4670-9A00-A91B0AD3D66C}.Release|x86.Build.0 = Release|x86
		{3E4B908A-4F96-43C5-981B-1AA4B73CCC26}.Debug|Any CPU.ActiveCfg = Debug|x86
		{3E4B908A-4F96-43C5-981B-1AA4B73CCC26}.Debug|Mixed Platforms.ActiveCfg = Debug|x86
		{3E4B908A-4F96-43C5-981B-1AA4B73CCC26}.Debug|Mixed Platforms.Build.0 = Debug|x86
		{3E4B908A-4F96-43C5-981B-1AA4B73CCC26}.Debug|Win32.ActiveCfg = Debug|x86
		{3E4B908A-4F96-43C5-981B-1AA4B73CCC26}.Debug|x86.ActiveCfg = Debug|x86
		{3E4B908A-4F96-43C5-981B-1AA4B73CCC26}.Debug|x86.Build.0 = Debug|x86
		{3E4B908A-4F96-43C5-981B-1AA4B73CCC26}.Release|Any CPU.ActiveCfg = Release|x86
		{3E4B908A-4F96-43C5-981B-1AA4B73CCC26}.Release|Mixed Platforms.ActiveCfg = Release|x86
		{3E4B908A-4F96-43C5-981B-1AA4B73CCC26}.Release|Mixed Platforms.Build.0 = Release|x86
		{3E4B908A-4F96-43C5-981B-1AA4B73CCC26}.Release|Win32.ActiveCfg = Release|x86
		{3E4B908A-4F96-43C5-981B-1AA4B73CCC26}.Release|x86.ActiveCfg = Release|x86
		{3E4B908A-4F96-43C5-981B-1AA4B73CCC26}.Release|x86.Build.0 = Release|x86
		{1E45DBF2-3629-4413-AC1F-61E6AA33B9B6}.Debug|Any CPU.ActiveCfg = Debug|x86
		{1E45DBF2-3629-4413-AC1F-61E6AA33B9B6}.Debug|Mixed Platforms.ActiveCfg = Debug|x86
		{1E45DBF2-3629-4413-AC1F-61E6AA33B9B6}.Debug|Mixed Platforms.Build.0 = Debug|x86
		{1E45DBF2-3629-4413-AC1F-61E6AA33B9B6}.Debug|Win32.ActiveCfg = Debug|x86
		{1E45DBF2-3629-4413-AC1F-61E6AA33B9B6}.Debug|x86.ActiveCfg = Debug|x86
		{1E45DBF2-3629-4413-AC1F-61E6AA33B9B6}.Debug|x86.Build.0 = Debug|x86
		{1E45DBF2-3629-4413-AC1F-61E6AA33B9B6}.Release|Any CPU.ActiveCfg = Release|x86
		{1E45DBF2-3629-4413-AC1F-61E6AA33B9B6}.Release|Mixed Platforms.ActiveCfg = Release|x86
		{1E45DBF2-3629-4413-AC1F-61E6AA33B9B6}.Release|Mixed Platforms.Build.0 = Release|x86
		{1E45DBF2-3629-4413-AC1F-61E6AA33B9B6}.Release|Win32.ActiveCfg = Release|x86
		{1E45DBF2-3629-4413-AC1F-61E6AA33B9B6}.Release|x86.ActiveCfg = Release|x86
		{1E45DBF2-3629-4413-AC1F-61E6AA33B9B6}.Release|x86.Build.0 = Release|x86
		{B718B5F3-A49A-454C-84FD-6D6F59EC7410}.Debug|Any CPU.ActiveCfg = Debug|x86
		{B718B5F3-A49A-454C-84FD-6D6F59EC7410}.Debug|Mixed Platforms.ActiveCfg = Debug|x86
		{B718B5F3-A49A-454C-84FD-6D6F59EC7410}.Debug|Mixed Platforms.Build.0 = Debug|x86
		{B718B5F3-A49A-454C-84FD-6D6F59EC7410}.Debug|Win32.ActiveCfg = Debug|x86
		{B718B5F3-A49A-454C-84FD-6D6F59EC7410}.Debug|x86.ActiveCfg = Debug|x86
		{B718B5F3-A49A-454C-84FD-6D6F59EC7410}.Debug|x86.Build.0 = Debug|x86
		{B718B5F3-A49A-454C-84FD-6D6F59EC7410}.Release|Any CPU.ActiveCfg = Release|x86
		{B718B5F3-A49A-454C-84FD-6D6F59EC7410}.Release|Mixed Platforms.ActiveCfg = Release|x86
		{B718B5F3-A49A-454C-84FD-6D6F59EC7410}.Release|Mixed Platforms.Build.0 = Release|x86
		{B718B5F3-A49A-454C-84FD-6D6F59EC7410}.Release|Win32.ActiveCfg = Release|x86
		{B718B5F3-A49A-454C-84FD-6D6F59EC7410}.Release|x86.ActiveCfg = Release|x86
		{B718B5F3-A49A-454C-84FD-6D6F59EC7410}.Release|x86.Build.0 = Release|x86
		{088E2974-9588-4EDA-AF7F-869A10DF402A}.Debug|Any CPU.ActiveCfg = Debug|Any CPU
		{088E2974-9588-4EDA-AF7F-869A10DF402A}.Debug|Any CPU.Build.0 = Debug|Any CPU
		{088E2974-9588-4EDA-AF7F-869A10DF402A}.Debug|Mixed Platforms.ActiveCfg = Debug|x86
		{088E2974-9588-4EDA-AF7F-869A10DF402A}.Debug|Mixed Platforms.Build.0 = Debug|x86
		{088E2974-9588-4EDA-AF7F-869A10DF402A}.Debug|Win32.ActiveCfg = Debug|x86
		{088E2974-9588-4EDA-AF7F-869A10DF402A}.Debug|x86.ActiveCfg = Debug|x86
		{088E2974-9588-4EDA-AF7F-869A10DF402A}.Debug|x86.Build.0 = Debug|x86
		{088E2974-9588-4EDA-AF7F-869A10DF402A}.Release|Any CPU.ActiveCfg = Release|Any CPU
		{088E2974-9588-4EDA-AF7F-869A10DF402A}.Release|Any CPU.Build.0 = Release|Any CPU
		{088E2974-9588-4EDA-AF7F-869A10DF402A}.Release|Mixed Platforms.ActiveCfg = Release|x86
		{088E2974-9588-4EDA-AF7F-869A10DF402A}.Release|Mixed Platforms.Build.0 = Release|x86
		{088E2974-9588-4EDA-AF7F-869A10DF402A}.Release|Win32.ActiveCfg = Release|x86
		{088E2974-9588-4EDA-AF7F-869A10DF402A}.Release|x86.ActiveCfg = Release|x86
		{088E2974-9588-4EDA-AF7F-869A10DF402A}.Release|x86.Build.0 = Release|x86
		{DC0A7A02-87B7-4619-B45F-D5A3ECB599A9}.Debug|Any CPU.ActiveCfg = Debug|x86
		{DC0A7A02-87B7-4619-B45F-D5A3ECB599A9}.Debug|Mixed Platforms.ActiveCfg = Debug|x86
		{DC0A7A02-87B7-4619-B45F-D5A3ECB599A9}.Debug|Mixed Platforms.Build.0 = Debug|x86
		{DC0A7A02-87B7-4619-B45F-D5A3ECB599A9}.Debug|Win32.ActiveCfg = Debug|x86
		{DC0A7A02-87B7-4619-B45F-D5A3ECB599A9}.Debug|x86.ActiveCfg = Debug|x86
		{DC0A7A02-87B7-4619-B45F-D5A3ECB599A9}.Debug|x86.Build.0 = Debug|x86
		{DC0A7A02-87B7-4619-B45F-D5A3ECB599A9}.Release|Any CPU.ActiveCfg = Release|x86
		{DC0A7A02-87B7-4619-B45F-D5A3ECB599A9}.Release|Mixed Platforms.ActiveCfg = Release|x86
		{DC0A7A02-87B7-4619-B45F-D5A3ECB599A9}.Release|Mixed Platforms.Build.0 = Release|x86
		{DC0A7A02-87B7-4619-B45F-D5A3ECB599A9}.Release|Win32.ActiveCfg = Release|x86
		{DC0A7A02-87B7-4619-B45F-D5A3ECB599A9}.Release|x86.ActiveCfg = Release|x86
		{DC0A7A02-87B7-4619-B45F-D5A3ECB599A9}.Release|x86.Build.0 = Release|x86
		{1AE110F1-E97B-4D14-9F3A-8AF01344E3B9}.Debug|Any CPU.ActiveCfg = Debug|Win32
		{1AE110F1-E97B-4D14-9F3A-8AF01344E3B9}.Debug|Mixed Platforms.ActiveCfg = Debug|Win32
		{1AE110F1-E97B-4D14-9F3A-8AF01344E3B9}.Debug|Mixed Platforms.Build.0 = Debug|Win32
		{1AE110F1-E97B-4D14-9F3A-8AF01344E3B9}.Debug|Win32.ActiveCfg = Debug|Win32
		{1AE110F1-E97B-4D14-9F3A-8AF01344E3B9}.Debug|Win32.Build.0 = Debug|Win32
		{1AE110F1-E97B-4D14-9F3A-8AF01344E3B9}.Debug|x86.ActiveCfg = Debug|Win32
		{1AE110F1-E97B-4D14-9F3A-8AF01344E3B9}.Release|Any CPU.ActiveCfg = Release|Win32
		{1AE110F1-E97B-4D14-9F3A-8AF01344E3B9}.Release|Mixed Platforms.ActiveCfg = Release|Win32
		{1AE110F1-E97B-4D14-9F3A-8AF01344E3B9}.Release|Mixed Platforms.Build.0 = Release|Win32
		{1AE110F1-E97B-4D14-9F3A-8AF01344E3B9}.Release|Win32.ActiveCfg = Release|Win32
		{1AE110F1-E97B-4D14-9F3A-8AF01344E3B9}.Release|Win32.Build.0 = Release|Win32
		{1AE110F1-E97B-4D14-9F3A-8AF01344E3B9}.Release|x86.ActiveCfg = Release|Win32
		{B6F84043-658E-4732-AFCA-BBE07FF465CB}.Debug|Any CPU.ActiveCfg = Debug|Win32
		{B6F84043-658E-4732-AFCA-BBE07FF465CB}.Debug|Mixed Platforms.ActiveCfg = Debug|Win32
		{B6F84043-658E-4732-AFCA-BBE07FF465CB}.Debug|Mixed Platforms.Build.0 = Debug|Win32
		{B6F84043-658E-4732-AFCA-BBE07FF465CB}.Debug|Win32.ActiveCfg = Debug|Win32
		{B6F84043-658E-4732-AFCA-BBE07FF465CB}.Debug|Win32.Build.0 = Debug|Win32
		{B6F84043-658E-4732-AFCA-BBE07FF465CB}.Debug|x86.ActiveCfg = Debug|Win32
		{B6F84043-658E-4732-AFCA-BBE07FF465CB}.Release|Any CPU.ActiveCfg = Release|Win32
		{B6F84043-658E-4732-AFCA-BBE07FF465CB}.Release|Mixed Platforms.ActiveCfg = Release|Win32
		{B6F84043-658E-4732-AFCA-BBE07FF465CB}.Release|Mixed Platforms.Build.0 = Release|Win32
		{B6F84043-658E-4732-AFCA-BBE07FF465CB}.Release|Win32.ActiveCfg = Release|Win32
		{B6F84043-658E-4732-AFCA-BBE07FF465CB}.Release|Win32.Build.0 = Release|Win32
		{B6F84043-658E-4732-AFCA-BBE07FF465CB}.Release|x86.ActiveCfg = Release|Win32
		{F77C7224-DF82-4ADF-A761-773D21B58EF4}.Debug|Any CPU.ActiveCfg = Debug|Win32
		{F77C7224-DF82-4ADF-A761-773D21B58EF4}.Debug|Mixed Platforms.ActiveCfg = Debug|Win32
		{F77C7224-DF82-4ADF-A761-773D21B58EF4}.Debug|Mixed Platforms.Build.0 = Debug|Win32
		{F77C7224-DF82-4ADF-A761-773D21B58EF4}.Debug|Win32.ActiveCfg = Debug|Win32
		{F77C7224-DF82-4ADF-A761-773D21B58EF4}.Debug|Win32.Build.0 = Debug|Win32
		{F77C7224-DF82-4ADF-A761-773D21B58EF4}.Debug|x86.ActiveCfg = Debug|Win32
		{F77C7224-DF82-4ADF-A761-773D21B58EF4}.Release|Any CPU.ActiveCfg = Release|Win32
		{F77C7224-DF82-4ADF-A761-773D21B58EF4}.Release|Mixed Platforms.ActiveCfg = Release|Win32
		{F77C7224-DF82-4ADF-A761-773D21B58EF4}.Release|Mixed Platforms.Build.0 = Release|Win32
		{F77C7224-DF82-4ADF-A761-773D21B58EF4}.Release|Win32.ActiveCfg = Release|Win32
		{F77C7224-DF82-4ADF-A761-773D21B58EF4}.Release|Win32.Build.0 = Release|Win32
		{F77C7224-DF82-4ADF-A761-773D21B58EF4}.Release|x86.ActiveCfg = Release|Win32
		{1D0DA000-6192-4B57-A377-7A0A5AB1A121}.Debug|Any CPU.ActiveCfg = Debug|Win32
		{1D0DA000-6192-4B57-A377-7A0A5AB1A121}.Debug|Mixed Platforms.ActiveCfg = Debug|Win32
		{1D0DA000-6192-4B57-A377-7A0A5AB1A121}.Debug|Mixed Platforms.Build.0 = Debug|Win32
		{1D0DA000-6192-4B57-A377-7A0A5AB1A121}.Debug|Win32.ActiveCfg = Debug|Win32
		{1D0DA000-6192-4B57-A377-7A0A5AB1A121}.Debug|Win32.Build.0 = Debug|Win32
		{1D0DA000-6192-4B57-A377-7A0A5AB1A121}.Debug|x86.ActiveCfg = Debug|Win32
		{1D0DA000-6192-4B57-A377-7A0A5AB1A121}.Release|Any CPU.ActiveCfg = Release|Win32
		{1D0DA000-6192-4B57-A377-7A0A5AB1A121}.Release|Mixed Platforms.ActiveCfg = Release|Win32
		{1D0DA000-6192-4B57-A377-7A0A5AB1A121}.Release|Mixed Platforms.Build.0 = Release|Win32
		{1D0DA000-6192-4B57-A377-7A0A5AB1A121}.Release|Win32.ActiveCfg = Release|Win32
		{1D0DA000-6192-4B57-A377-7A0A5AB1A121}.Release|Win32.Build.0 = Release|Win32
		{1D0DA000-6192-4B57-A377-7A0A5AB1A121}.Release|x86.ActiveCfg = Release|Win32
		{D1BAE593-A552-4F1A-8B08-5A1C27875C2F}.Debug|Any CPU.ActiveCfg = Debug|Any CPU
		{D1BAE593-A552-4F1A-8B08-5A1C27875C2F}.Debug|Any CPU.Build.0 = Debug|Any CPU
		{D1BAE593-A552-4F1A-8B08-5A1C27875C2F}.Debug|Mixed Platforms.ActiveCfg = Debug|Any CPU
		{D1BAE593-A552-4F1A-8B08-5A1C27875C2F}.Debug|Mixed Platforms.Build.0 = Debug|Any CPU
		{D1BAE593-A552-4F1A-8B08-5A1C27875C2F}.Debug|Win32.ActiveCfg = Debug|Any CPU
		{D1BAE593-A552-4F1A-8B08-5A1C27875C2F}.Debug|x86.ActiveCfg = Debug|Any CPU
		{D1BAE593-A552-4F1A-8B08-5A1C27875C2F}.Release|Any CPU.ActiveCfg = Release|Any CPU
		{D1BAE593-A552-4F1A-8B08-5A1C27875C2F}.Release|Any CPU.Build.0 = Release|Any CPU
		{D1BAE593-A552-4F1A-8B08-5A1C27875C2F}.Release|Mixed Platforms.ActiveCfg = Release|Any CPU
		{D1BAE593-A552-4F1A-8B08-5A1C27875C2F}.Release|Mixed Platforms.Build.0 = Release|Any CPU
		{D1BAE593-A552-4F1A-8B08-5A1C27875C2F}.Release|Win32.ActiveCfg = Release|Any CPU
		{D1BAE593-A552-4F1A-8B08-5A1C27875C2F}.Release|x86.ActiveCfg = Release|Any CPU
		{C5808AC0-A52F-4D77-9903-AE6709712B62}.Debug|Any CPU.ActiveCfg = Debug|Win32
		{C5808AC0-A52F-4D77-9903-AE6709712B62}.Debug|Mixed Platforms.ActiveCfg = Debug|Win32
		{C5808AC0-A52F-4D77-9903-AE6709712B62}.Debug|Mixed Platforms.Build.0 = Debug|Win32
		{C5808AC0-A52F-4D77-9903-AE6709712B62}.Debug|Win32.ActiveCfg = Debug|Win32
		{C5808AC0-A52F-4D77-9903-AE6709712B62}.Debug|Win32.Build.0 = Debug|Win32
		{C5808AC0-A52F-4D77-9903-AE6709712B62}.Debug|x86.ActiveCfg = Debug|Win32
		{C5808AC0-A52F-4D77-9903-AE6709712B62}.Release|Any CPU.ActiveCfg = Release|Win32
		{C5808AC0-A52F-4D77-9903-AE6709712B62}.Release|Mixed Platforms.ActiveCfg = Release|Win32
		{C5808AC0-A52F-4D77-9903-AE6709712B62}.Release|Mixed Platforms.Build.0 = Release|Win32
		{C5808AC0-A52F-4D77-9903-AE6709712B62}.Release|Win32.ActiveCfg = Release|Win32
		{C5808AC0-A52F-4D77-9903-AE6709712B62}.Release|Win32.Build.0 = Release|Win32
		{C5808AC0-A52F-4D77-9903-AE6709712B62}.Release|x86.ActiveCfg = Release|Win32
		{0DFDDA0B-9EBF-4238-8A2B-D4C2B4F745D7}.Debug|Any CPU.ActiveCfg = Debug|Any CPU
		{0DFDDA0B-9EBF-4238-8A2B-D4C2B4F745D7}.Debug|Any CPU.Build.0 = Debug|Any CPU
		{0DFDDA0B-9EBF-4238-8A2B-D4C2B4F745D7}.Debug|Mixed Platforms.ActiveCfg = Debug|Any CPU
		{0DFDDA0B-9EBF-4238-8A2B-D4C2B4F745D7}.Debug|Mixed Platforms.Build.0 = Debug|Any CPU
		{0DFDDA0B-9EBF-4238-8A2B-D4C2B4F745D7}.Debug|Win32.ActiveCfg = Debug|Any CPU
		{0DFDDA0B-9EBF-4238-8A2B-D4C2B4F745D7}.Debug|x86.ActiveCfg = Debug|Any CPU
		{0DFDDA0B-9EBF-4238-8A2B-D4C2B4F745D7}.Release|Any CPU.ActiveCfg = Release|Any CPU
		{0DFDDA0B-9EBF-4238-8A2B-D4C2B4F745D7}.Release|Any CPU.Build.0 = Release|Any CPU
		{0DFDDA0B-9EBF-4238-8A2B-D4C2B4F745D7}.Release|Mixed Platforms.ActiveCfg = Release|Any CPU
		{0DFDDA0B-9EBF-4238-8A2B-D4C2B4F745D7}.Release|Mixed Platforms.Build.0 = Release|Any CPU
		{0DFDDA0B-9EBF-4238-8A2B-D4C2B4F745D7}.Release|Win32.ActiveCfg = Release|Any CPU
		{0DFDDA0B-9EBF-4238-8A2B-D4C2B4F745D7}.Release|x86.ActiveCfg = Release|Any CPU
		{48A1EC6E-A358-4E7F-AE68-3D62327FDBEA}.Debug|Any CPU.ActiveCfg = Debug|Any CPU
		{48A1EC6E-A358-4E7F-AE68-3D62327FDBEA}.Debug|Any CPU.Build.0 = Debug|Any CPU
		{48A1EC6E-A358-4E7F-AE68-3D62327FDBEA}.Debug|Mixed Platforms.ActiveCfg = Debug|Any CPU
		{48A1EC6E-A358-4E7F-AE68-3D62327FDBEA}.Debug|Mixed Platforms.Build.0 = Debug|Any CPU
		{48A1EC6E-A358-4E7F-AE68-3D62327FDBEA}.Debug|Win32.ActiveCfg = Debug|Any CPU
		{48A1EC6E-A358-4E7F-AE68-3D62327FDBEA}.Debug|x86.ActiveCfg = Debug|Any CPU
		{48A1EC6E-A358-4E7F-AE68-3D62327FDBEA}.Release|Any CPU.ActiveCfg = Release|Any CPU
		{48A1EC6E-A358-4E7F-AE68-3D62327FDBEA}.Release|Any CPU.Build.0 = Release|Any CPU
		{48A1EC6E-A358-4E7F-AE68-3D62327FDBEA}.Release|Mixed Platforms.ActiveCfg = Release|Any CPU
		{48A1EC6E-A358-4E7F-AE68-3D62327FDBEA}.Release|Mixed Platforms.Build.0 = Release|Any CPU
		{48A1EC6E-A358-4E7F-AE68-3D62327FDBEA}.Release|Win32.ActiveCfg = Release|Any CPU
		{48A1EC6E-A358-4E7F-AE68-3D62327FDBEA}.Release|x86.ActiveCfg = Release|Any CPU
		{4704F67B-246D-483C-B840-231F42D7A12B}.Debug|Any CPU.ActiveCfg = Debug|Any CPU
		{4704F67B-246D-483C-B840-231F42D7A12B}.Debug|Any CPU.Build.0 = Debug|Any CPU
		{4704F67B-246D-483C-B840-231F42D7A12B}.Debug|Mixed Platforms.ActiveCfg = Debug|Any CPU
		{4704F67B-246D-483C-B840-231F42D7A12B}.Debug|Mixed Platforms.Build.0 = Debug|Any CPU
		{4704F67B-246D-483C-B840-231F42D7A12B}.Debug|Win32.ActiveCfg = Debug|Any CPU
		{4704F67B-246D-483C-B840-231F42D7A12B}.Debug|x86.ActiveCfg = Debug|Any CPU
		{4704F67B-246D-483C-B840-231F42D7A12B}.Release|Any CPU.ActiveCfg = Release|Any CPU
		{4704F67B-246D-483C-B840-231F42D7A12B}.Release|Any CPU.Build.0 = Release|Any CPU
		{4704F67B-246D-483C-B840-231F42D7A12B}.Release|Mixed Platforms.ActiveCfg = Release|Any CPU
		{4704F67B-246D-483C-B840-231F42D7A12B}.Release|Mixed Platforms.Build.0 = Release|Any CPU
		{4704F67B-246D-483C-B840-231F42D7A12B}.Release|Win32.ActiveCfg = Release|Any CPU
		{4704F67B-246D-483C-B840-231F42D7A12B}.Release|x86.ActiveCfg = Release|Any CPU
		{2E70A627-605F-4625-8637-A7109DB8B35C}.Debug|Any CPU.ActiveCfg = Debug|Any CPU
		{2E70A627-605F-4625-8637-A7109DB8B35C}.Debug|Any CPU.Build.0 = Debug|Any CPU
		{2E70A627-605F-4625-8637-A7109DB8B35C}.Debug|Mixed Platforms.ActiveCfg = Debug|Any CPU
		{2E70A627-605F-4625-8637-A7109DB8B35C}.Debug|Mixed Platforms.Build.0 = Debug|Any CPU
		{2E70A627-605F-4625-8637-A7109DB8B35C}.Debug|Win32.ActiveCfg = Debug|Any CPU
		{2E70A627-605F-4625-8637-A7109DB8B35C}.Debug|x86.ActiveCfg = Debug|Any CPU
		{2E70A627-605F-4625-8637-A7109DB8B35C}.Release|Any CPU.ActiveCfg = Release|Any CPU
		{2E70A627-605F-4625-8637-A7109DB8B35C}.Release|Any CPU.Build.0 = Release|Any CPU
		{2E70A627-605F-4625-8637-A7109DB8B35C}.Release|Mixed Platforms.ActiveCfg = Release|Any CPU
		{2E70A627-605F-4625-8637-A7109DB8B35C}.Release|Mixed Platforms.Build.0 = Release|Any CPU
		{2E70A627-605F-4625-8637-A7109DB8B35C}.Release|Win32.ActiveCfg = Release|Any CPU
		{2E70A627-605F-4625-8637-A7109DB8B35C}.Release|x86.ActiveCfg = Release|Any CPU
		{E13305E0-0AC9-4181-A9AD-3B9B0A479087}.Debug|Any CPU.ActiveCfg = Debug|Any CPU
		{E13305E0-0AC9-4181-A9AD-3B9B0A479087}.Debug|Any CPU.Build.0 = Debug|Any CPU
		{E13305E0-0AC9-4181-A9AD-3B9B0A479087}.Debug|Mixed Platforms.ActiveCfg = Debug|Any CPU
		{E13305E0-0AC9-4181-A9AD-3B9B0A479087}.Debug|Mixed Platforms.Build.0 = Debug|Any CPU
		{E13305E0-0AC9-4181-A9AD-3B9B0A479087}.Debug|Win32.ActiveCfg = Debug|Any CPU
		{E13305E0-0AC9-4181-A9AD-3B9B0A479087}.Debug|x86.ActiveCfg = Debug|Any CPU
		{E13305E0-0AC9-4181-A9AD-3B9B0A479087}.Release|Any CPU.ActiveCfg = Release|Any CPU
		{E13305E0-0AC9-4181-A9AD-3B9B0A479087}.Release|Any CPU.Build.0 = Release|Any CPU
		{E13305E0-0AC9-4181-A9AD-3B9B0A479087}.Release|Mixed Platforms.ActiveCfg = Release|Any CPU
		{E13305E0-0AC9-4181-A9AD-3B9B0A479087}.Release|Mixed Platforms.Build.0 = Release|Any CPU
		{E13305E0-0AC9-4181-A9AD-3B9B0A479087}.Release|Win32.ActiveCfg = Release|Any CPU
		{E13305E0-0AC9-4181-A9AD-3B9B0A479087}.Release|x86.ActiveCfg = Release|Any CPU
	EndGlobalSection
	GlobalSection(SolutionProperties) = preSolution
		HideSolutionNode = FALSE
	EndGlobalSection
EndGlobal
